lockfileVersion: 5.4

specifiers:
  bumpp: ^7.1.1
  cli-progress: ^3.9.1
  colorette: ^2.0.16
  commander: ^8.1.0
  got: ^11.8.2
  prettier: ^2.4.1
  prompts: ^2.4.2
  update-notifier: ^5.1.0

dependencies:
  cli-progress: 3.11.0
  colorette: 2.0.16
  commander: 8.3.0
  got: 11.8.3
  prompts: 2.4.2
  update-notifier: 5.1.0

devDependencies:
  bumpp: 7.1.1
  prettier: 2.6.2

packages:

  /@jsdevtools/ez-spawn/3.0.4:
    resolution: {integrity: sha512-f5DRIOZf7wxogefH03RjMPMdBF7ADTWUMoOs9kaJo06EfwF+aFhMZMDZxHg/Xe12hptN9xoZjGso2fdjapBRIA==}
    engines: {node: '>=10'}
    dependencies:
      call-me-maybe: 1.0.1
      cross-spawn: 7.0.3
      string-argv: 0.3.1
      type-detect: 4.0.8
    dev: true

  /@nodelib/fs.scandir/2.1.5:
    resolution: {integrity: sha512-vq24Bq3ym5HEQm2NKCr3yXDwjc7vTsEThRDnkp2DK9p1uqLR+DHurm/NOTo0KG7HYHU7eppKZj3MyqYuMBf62g==}
    engines: {node: '>= 8'}
    dependencies:
      '@nodelib/fs.stat': 2.0.5
      run-parallel: 1.2.0
    dev: true

  /@nodelib/fs.stat/2.0.5:
    resolution: {integrity: sha512-RkhPPp2zrqDAQA/2jNhnztcPAlv64XdhIp7a7454A5ovI7Bukxgt7MX7udwAu3zg1DcpPU0rz3VV1SeaqvY4+A==}
    engines: {node: '>= 8'}
    dev: true

  /@nodelib/fs.walk/1.2.8:
    resolution: {integrity: sha512-oGB+UxlgWcgQkgwo8GcEGwemoTFt3FIO9ababBmaGwXIoBKZ+GTy0pP185beGg7Llih/NSHSV2XAs1lnznocSg==}
    engines: {node: '>= 8'}
    dependencies:
      '@nodelib/fs.scandir': 2.1.5
      fastq: 1.13.0
    dev: true

  /@sindresorhus/is/0.14.0:
    resolution: {integrity: sha512-9NET910DNaIPngYnLLPeg+Ogzqsi9uM4mSboU5y6p8S5DzMTVEsJZrawi+BoDNUVBa2DhJqQYUFvMDfgU062LQ==}
    engines: {node: '>=6'}
    dev: false

  /@sindresorhus/is/4.6.0:
    resolution: {integrity: sha512-t09vSN3MdfsyCHoFcTRCH/iUtG7OJ0CsjzB8cjAmKc/va/kIgeDI/TxsigdncE/4be734m0cvIYwNaV4i2XqAw==}
    engines: {node: '>=10'}
    dev: false

  /@szmarczak/http-timer/1.1.2:
    resolution: {integrity: sha512-XIB2XbzHTN6ieIjfIMV9hlVcfPU26s2vafYWQcZHWXHOxiaRZYEDKEwdl129Zyg50+foYV2jCgtrqSA6qNuNSA==}
    engines: {node: '>=6'}
    dependencies:
      defer-to-connect: 1.1.3
    dev: false

  /@szmarczak/http-timer/4.0.6:
    resolution: {integrity: sha512-4BAffykYOgO+5nzBWYwE3W90sBgLJoUPRWWcL8wlyiM8IB8ipJz3UMJ9KXQd1RKQXpKp8Tutn80HZtWsu2u76w==}
    engines: {node: '>=10'}
    dependencies:
      defer-to-connect: 2.0.1
    dev: false

  /@types/cacheable-request/6.0.2:
    resolution: {integrity: sha512-B3xVo+dlKM6nnKTcmm5ZtY/OL8bOAOd2Olee9M1zft65ox50OzjEHW91sDiU9j6cvW8Ejg1/Qkf4xd2kugApUA==}
    dependencies:
      '@types/http-cache-semantics': 4.0.1
      '@types/keyv': 3.1.4
      '@types/node': 17.0.33
      '@types/responselike': 1.0.0
    dev: false

  /@types/http-cache-semantics/4.0.1:
    resolution: {integrity: sha512-SZs7ekbP8CN0txVG2xVRH6EgKmEm31BOxA07vkFaETzZz1xh+cbt8BcI0slpymvwhx5dlFnQG2rTlPVQn+iRPQ==}
    dev: false

  /@types/json-buffer/3.0.0:
    resolution: {integrity: sha512-3YP80IxxFJB4b5tYC2SUPwkg0XQLiu0nWvhRgEatgjf+29IcWO9X1k8xRv5DGssJ/lCrjYTjQPcobJr2yWIVuQ==}
    dev: false

  /@types/keyv/3.1.4:
    resolution: {integrity: sha512-BQ5aZNSCpj7D6K2ksrRCTmKRLEpnPvWDiLPfoGyhZ++8YtiK9d/3DBKPJgry359X/P1PfruyYwvnvwFjuEiEIg==}
    dependencies:
      '@types/node': 17.0.33
    dev: false

  /@types/node/17.0.33:
    resolution: {integrity: sha512-miWq2m2FiQZmaHfdZNcbpp9PuXg34W5JZ5CrJ/BaS70VuhoJENBEQybeiYSaPBRNq6KQGnjfEnc/F3PN++D+XQ==}
    dev: false

  /@types/responselike/1.0.0:
    resolution: {integrity: sha512-85Y2BjiufFzaMIlvJDvTTB8Fxl2xfLo4HgmHzVBz08w4wDePCTjYw66PdrolO0kzli3yam/YCgRufyo1DdQVTA==}
    dependencies:
      '@types/node': 17.0.33
    dev: false

  /ansi-align/3.0.1:
    resolution: {integrity: sha512-IOfwwBF5iczOjp/WeY4YxyjqAFMQoZufdQWDd19SEExbVLNXqvpzSJ/M7Za4/sCPmQ0+GRquoA7bGcINcxew6w==}
    dependencies:
      string-width: 4.2.3
    dev: false

  /ansi-regex/5.0.1:
    resolution: {integrity: sha512-quJQXlTSUGL2LH9SUXo8VwsY4soanhgo6LNSm84E1LBcE8s3O0wpdiRzyR9z/ZZJMlMWv37qOOb9pdJlMUEKFQ==}
    engines: {node: '>=8'}
    dev: false

  /ansi-styles/4.3.0:
    resolution: {integrity: sha512-zbB9rCJAT1rbjiVDb2hqKFHNYLxgtk8NURxZ3IZwD3F6NtxbXZQCnnSi1Lkx+IDohdPlFp222wVALIheZJQSEg==}
    engines: {node: '>=8'}
    dependencies:
      color-convert: 2.0.1

  /array-back/3.1.0:
    resolution: {integrity: sha512-TkuxA4UCOvxuDK6NZYXCalszEzj+TLszyASooky+i742l9TqsOdYCMJJupxRic61hwquNtppB3hgcuq9SVSH1Q==}
    engines: {node: '>=6'}
    dev: true

  /array-union/2.1.0:
    resolution: {integrity: sha512-HGyxoOTYUyCM6stUe6EJgnd4EoewAI7zMdfqO+kGjnlZmBDz/cR5pf8r/cR4Wq60sL/p0IkcjUEEPwS3GFrIyw==}
    engines: {node: '>=8'}
    dev: true

  /boxen/5.1.2:
    resolution: {integrity: sha512-9gYgQKXx+1nP8mP7CzFyaUARhg7D3n1dF/FnErWmu9l6JvGpNUN278h0aSb+QjoiKSWG+iZ3uHrcqk0qrY9RQQ==}
    engines: {node: '>=10'}
    dependencies:
      ansi-align: 3.0.1
      camelcase: 6.3.0
      chalk: 4.1.2
      cli-boxes: 2.2.1
      string-width: 4.2.3
      type-fest: 0.20.2
      widest-line: 3.1.0
      wrap-ansi: 7.0.0
    dev: false

  /braces/3.0.2:
    resolution: {integrity: sha512-b8um+L1RzM3WDSzvhm6gIz1yfTbBt6YTlcEKAvsmqCZZFw46z626lVj9j1yEPW33H5H+lBQpZMP1k8l+78Ha0A==}
    engines: {node: '>=8'}
    dependencies:
      fill-range: 7.0.1
    dev: true

  /bumpp/7.1.1:
    resolution: {integrity: sha512-pAGjraw9T4I4dnkiQHrKUVQb55dOM5Nj72SVtVlkjFjWjFtg0aSgipQuxDWZ0cqm8WoqtaiBPk+7jHfnZxr7lA==}
    engines: {node: '>=10'}
    hasBin: true
    dependencies:
      '@jsdevtools/ez-spawn': 3.0.4
      chalk: 4.1.2
      command-line-args: 5.2.1
      globby: 11.1.0
      prompts: 2.4.2
      semver: 7.3.7
    dev: true

  /cacheable-lookup/5.0.4:
    resolution: {integrity: sha512-2/kNscPhpcxrOigMZzbiWF7dz8ilhb/nIHU3EyZiXWXpeq/au8qJ8VhdftMkty3n7Gj6HIGalQG8oiBNB3AJgA==}
    engines: {node: '>=10.6.0'}
    dev: false

  /cacheable-request/6.1.0:
    resolution: {integrity: sha512-Oj3cAGPCqOZX7Rz64Uny2GYAZNliQSqfbePrgAQ1wKAihYmCUnraBtJtKcGR4xz7wF+LoJC+ssFZvv5BgF9Igg==}
    engines: {node: '>=8'}
    dependencies:
      clone-response: 1.0.2
      get-stream: 5.2.0
      http-cache-semantics: 4.1.0
      keyv: 3.1.0
      lowercase-keys: 2.0.0
      normalize-url: 4.5.1
      responselike: 1.0.2
    dev: false

  /cacheable-request/7.0.2:
    resolution: {integrity: sha512-pouW8/FmiPQbuGpkXQ9BAPv/Mo5xDGANgSNXzTzJ8DrKGuXOssM4wIQRjfanNRh3Yu5cfYPvcorqbhg2KIJtew==}
    engines: {node: '>=8'}
    dependencies:
      clone-response: 1.0.2
      get-stream: 5.2.0
      http-cache-semantics: 4.1.0
      keyv: 4.2.8
      lowercase-keys: 2.0.0
      normalize-url: 6.1.0
      responselike: 2.0.0
    dev: false

  /call-me-maybe/1.0.1:
    resolution: {integrity: sha512-wCyFsDQkKPwwF8BDwOiWNx/9K45L/hvggQiDbve+viMNMQnWhrlYIuBk09offfwCRtCO9P6XwUttufzU11WCVw==}
    dev: true

  /camelcase/6.3.0:
    resolution: {integrity: sha512-Gmy6FhYlCY7uOElZUSbxo2UCDH8owEk996gkbrpsgGtrJLM3J7jGxl9Ic7Qwwj4ivOE5AWZWRMecDdF7hqGjFA==}
    engines: {node: '>=10'}
    dev: false

  /chalk/4.1.2:
    resolution: {integrity: sha512-oKnbhFyRIXpUuez8iBMmyEa4nbj4IOQyuhc/wy9kY7/WVPcwIO9VA668Pu8RkO7+0G76SLROeyw9CpQ061i4mA==}
    engines: {node: '>=10'}
    dependencies:
      ansi-styles: 4.3.0
      supports-color: 7.2.0

  /ci-info/2.0.0:
    resolution: {integrity: sha512-5tK7EtrZ0N+OLFMthtqOj4fI2Jeb88C4CAZPu25LDVUgXJ0A3Js4PMGqrn0JU1W0Mh1/Z8wZzYPxqUrXeBboCQ==}
    dev: false

  /cli-boxes/2.2.1:
    resolution: {integrity: sha512-y4coMcylgSCdVinjiDBuR8PCC2bLjyGTwEmPb9NHR/QaNU6EUOXcTY/s6VjGMD6ENSEaeQYHCY0GNGS5jfMwPw==}
    engines: {node: '>=6'}
    dev: false

  /cli-progress/3.11.0:
    resolution: {integrity: sha512-ug+V4/Qy3+0jX9XkWPV/AwHD98RxKXqDpL37vJBOxQhD90qQ3rDqDKoFpef9se91iTUuOXKlyg2HUyHBo5lHsQ==}
    engines: {node: '>=4'}
    dependencies:
      string-width: 4.2.3
    dev: false

  /clone-response/1.0.2:
    resolution: {integrity: sha512-yjLXh88P599UOyPTFX0POsd7WxnbsVsGohcwzHOLspIhhpalPw1BcqED8NblyZLKcGrL8dTgMlcaZxV2jAD41Q==}
    dependencies:
      mimic-response: 1.0.1
    dev: false

  /color-convert/2.0.1:
    resolution: {integrity: sha512-RRECPsj7iu/xb5oKYcsFHSppFNnsj/52OVTRKb4zP5onXwVF3zVmmToNcOfGC+CRDpfK/U584fMg38ZHCaElKQ==}
    engines: {node: '>=7.0.0'}
    dependencies:
      color-name: 1.1.4

  /color-name/1.1.4:
    resolution: {integrity: sha512-dOy+3AuW3a2wNbZHIuMZpTcgjGuLU/uBL/ubcZF9OXbDo8ff4O8yVp5Bf0efS8uEoYo5q4Fx7dY9OgQGXgAsQA==}

  /colorette/2.0.16:
    resolution: {integrity: sha512-hUewv7oMjCp+wkBv5Rm0v87eJhq4woh5rSR+42YSQJKecCqgIqNkZ6lAlQms/BwHPJA5NKMRlpxPRv0n8HQW6g==}
    dev: false

  /command-line-args/5.2.1:
    resolution: {integrity: sha512-H4UfQhZyakIjC74I9d34fGYDwk3XpSr17QhEd0Q3I9Xq1CETHo4Hcuo87WyWHpAF1aSLjLRf5lD9ZGX2qStUvg==}
    engines: {node: '>=4.0.0'}
    dependencies:
      array-back: 3.1.0
      find-replace: 3.0.0
      lodash.camelcase: 4.3.0
      typical: 4.0.0
    dev: true

  /commander/8.3.0:
    resolution: {integrity: sha512-OkTL9umf+He2DZkUq8f8J9of7yL6RJKI24dVITBmNfZBmri9zYZQrKkuXiKhyfPSu8tUhnVBB1iKXevvnlR4Ww==}
    engines: {node: '>= 12'}
    dev: false

  /compress-brotli/1.3.8:
    resolution: {integrity: sha512-lVcQsjhxhIXsuupfy9fmZUFtAIdBmXA7EGY6GBdgZ++qkM9zG4YFT8iU7FoBxzryNDMOpD1HIFHUSX4D87oqhQ==}
    engines: {node: '>= 12'}
    dependencies:
      '@types/json-buffer': 3.0.0
      json-buffer: 3.0.1
    dev: false

  /configstore/5.0.1:
    resolution: {integrity: sha512-aMKprgk5YhBNyH25hj8wGt2+D52Sw1DRRIzqBwLp2Ya9mFmY8KPvvtvmna8SxVR9JMZ4kzMD68N22vlaRpkeFA==}
    engines: {node: '>=8'}
    dependencies:
      dot-prop: 5.3.0
      graceful-fs: 4.2.10
      make-dir: 3.1.0
      unique-string: 2.0.0
      write-file-atomic: 3.0.3
      xdg-basedir: 4.0.0
    dev: false

  /cross-spawn/7.0.3:
    resolution: {integrity: sha512-iRDPJKUPVEND7dHPO8rkbOnPpyDygcDFtWjpeWNCgy8WP2rXcxXL8TskReQl6OrB2G7+UJrags1q15Fudc7G6w==}
    engines: {node: '>= 8'}
    dependencies:
      path-key: 3.1.1
      shebang-command: 2.0.0
      which: 2.0.2
    dev: true

  /crypto-random-string/2.0.0:
    resolution: {integrity: sha512-v1plID3y9r/lPhviJ1wrXpLeyUIGAZ2SHNYTEapm7/8A9nLPoyvVp3RK/EPFqn5kEznyWgYZNsRtYYIWbuG8KA==}
    engines: {node: '>=8'}
    dev: false

  /decompress-response/3.3.0:
    resolution: {integrity: sha512-BzRPQuY1ip+qDonAOz42gRm/pg9F768C+npV/4JOsxRC2sq+Rlk+Q4ZCAsOhnIaMrgarILY+RMUIvMmmX1qAEA==}
    engines: {node: '>=4'}
    dependencies:
      mimic-response: 1.0.1
    dev: false

  /decompress-response/6.0.0:
    resolution: {integrity: sha512-aW35yZM6Bb/4oJlZncMH2LCoZtJXTRxES17vE3hoRiowU2kWHaJKFkSBDnDR+cm9J+9QhXmREyIfv0pji9ejCQ==}
    engines: {node: '>=10'}
    dependencies:
      mimic-response: 3.1.0
    dev: false

  /deep-extend/0.6.0:
    resolution: {integrity: sha512-LOHxIOaPYdHlJRtCQfDIVZtfw/ufM8+rVj649RIHzcm/vGwQRXFt6OPqIFWsm2XEMrNIEtWR64sY1LEKD2vAOA==}
    engines: {node: '>=4.0.0'}
    dev: false

  /defer-to-connect/1.1.3:
    resolution: {integrity: sha512-0ISdNousHvZT2EiFlZeZAHBUvSxmKswVCEf8hW7KWgG4a8MVEu/3Vb6uWYozkjylyCxe0JBIiRB1jV45S70WVQ==}
    dev: false

  /defer-to-connect/2.0.1:
    resolution: {integrity: sha512-4tvttepXG1VaYGrRibk5EwJd1t4udunSOVMdLSAL6mId1ix438oPwPZMALY41FCijukO1L0twNcGsdzS7dHgDg==}
    engines: {node: '>=10'}
    dev: false

  /dir-glob/3.0.1:
    resolution: {integrity: sha512-WkrWp9GR4KXfKGYzOLmTuGVi1UWFfws377n9cc55/tb6DuqyF6pcQ5AbiHEshaDpY9v6oaSr2XCDidGmMwdzIA==}
    engines: {node: '>=8'}
    dependencies:
      path-type: 4.0.0
    dev: true

  /dot-prop/5.3.0:
    resolution: {integrity: sha512-QM8q3zDe58hqUqjraQOmzZ1LIH9SWQJTlEKCH4kJ2oQvLZk7RbQXvtDM2XEq3fwkV9CCvvH4LA0AV+ogFsBM2Q==}
    engines: {node: '>=8'}
    dependencies:
      is-obj: 2.0.0
    dev: false

  /duplexer3/0.1.4:
    resolution: {integrity: sha512-CEj8FwwNA4cVH2uFCoHUrmojhYh1vmCdOaneKJXwkeY1i9jnlslVo9dx+hQ5Hl9GnH/Bwy/IjxAyOePyPKYnzA==}
    dev: false

  /emoji-regex/8.0.0:
    resolution: {integrity: sha512-MSjYzcWNOA0ewAHpz0MxpYFvwg6yjy1NG3xteoqz644VCo/RPgnr1/GGt+ic3iJTzQ8Eu3TdM14SawnVUmGE6A==}
    dev: false

  /end-of-stream/1.4.4:
    resolution: {integrity: sha512-+uw1inIHVPQoaVuHzRyXd21icM+cnt4CzD5rW+NC1wjOUSTOs+Te7FOv7AhN7vS9x/oIyhLP5PR1H+phQAHu5Q==}
    dependencies:
      once: 1.4.0
    dev: false

  /escape-goat/2.1.1:
    resolution: {integrity: sha512-8/uIhbG12Csjy2JEW7D9pHbreaVaS/OpN3ycnyvElTdwM5n6GY6W6e2IPemfvGZeUMqZ9A/3GqIZMgKnBhAw/Q==}
    engines: {node: '>=8'}
    dev: false

  /fast-glob/3.2.11:
    resolution: {integrity: sha512-xrO3+1bxSo3ZVHAnqzyuewYT6aMFHRAd4Kcs92MAonjwQZLsK9d0SF1IyQ3k5PoirxTW0Oe/RqFgMQ6TcNE5Ew==}
    engines: {node: '>=8.6.0'}
    dependencies:
      '@nodelib/fs.stat': 2.0.5
      '@nodelib/fs.walk': 1.2.8
      glob-parent: 5.1.2
      merge2: 1.4.1
      micromatch: 4.0.5
    dev: true

  /fastq/1.13.0:
    resolution: {integrity: sha512-YpkpUnK8od0o1hmeSc7UUs/eB/vIPWJYjKck2QKIzAf71Vm1AAQ3EbuZB3g2JIy+pg+ERD0vqI79KyZiB2e2Nw==}
    dependencies:
      reusify: 1.0.4
    dev: true

  /fill-range/7.0.1:
    resolution: {integrity: sha512-qOo9F+dMUmC2Lcb4BbVvnKJxTPjCm+RRpe4gDuGrzkL7mEVl/djYSu2OdQ2Pa302N4oqkSg9ir6jaLWJ2USVpQ==}
    engines: {node: '>=8'}
    dependencies:
      to-regex-range: 5.0.1
    dev: true

  /find-replace/3.0.0:
    resolution: {integrity: sha512-6Tb2myMioCAgv5kfvP5/PkZZ/ntTpVK39fHY7WkWBgvbeE+VHd/tZuZ4mrC+bxh4cfOZeYKVPaJIZtZXV7GNCQ==}
    engines: {node: '>=4.0.0'}
    dependencies:
      array-back: 3.1.0
    dev: true

  /get-stream/4.1.0:
    resolution: {integrity: sha512-GMat4EJ5161kIy2HevLlr4luNjBgvmj413KaQA7jt4V8B4RDsfpHk7WQ9GVqfYyyx8OS/L66Kox+rJRNklLK7w==}
    engines: {node: '>=6'}
    dependencies:
      pump: 3.0.0
    dev: false

  /get-stream/5.2.0:
    resolution: {integrity: sha512-nBF+F1rAZVCu/p7rjzgA+Yb4lfYXrpl7a6VmJrU8wF9I1CKvP/QwPNZHnOlwbTkY6dvtFIzFMSyQXbLoTQPRpA==}
    engines: {node: '>=8'}
    dependencies:
      pump: 3.0.0
    dev: false

  /glob-parent/5.1.2:
    resolution: {integrity: sha512-AOIgSQCepiJYwP3ARnGx+5VnTu2HBYdzbGP45eLw1vr3zB3vZLeyed1sC9hnbcOc9/SrMyM5RPQrkGz4aS9Zow==}
    engines: {node: '>= 6'}
    dependencies:
      is-glob: 4.0.3
    dev: true

  /global-dirs/3.0.0:
    resolution: {integrity: sha512-v8ho2DS5RiCjftj1nD9NmnfaOzTdud7RRnVd9kFNOjqZbISlx5DQ+OrTkywgd0dIt7oFCvKetZSHoHcP3sDdiA==}
    engines: {node: '>=10'}
    dependencies:
      ini: 2.0.0
    dev: false

  /globby/11.1.0:
    resolution: {integrity: sha512-jhIXaOzy1sb8IyocaruWSn1TjmnBVs8Ayhcy83rmxNJ8q2uWKCAj3CnJY+KpGSXCueAPc0i05kVvVKtP1t9S3g==}
    engines: {node: '>=10'}
    dependencies:
      array-union: 2.1.0
      dir-glob: 3.0.1
      fast-glob: 3.2.11
      ignore: 5.2.0
      merge2: 1.4.1
      slash: 3.0.0
    dev: true

  /got/11.8.3:
    resolution: {integrity: sha512-7gtQ5KiPh1RtGS9/Jbv1ofDpBFuq42gyfEib+ejaRBJuj/3tQFeR5+gw57e4ipaU8c/rCjvX6fkQz2lyDlGAOg==}
    engines: {node: '>=10.19.0'}
    dependencies:
      '@sindresorhus/is': 4.6.0
      '@szmarczak/http-timer': 4.0.6
      '@types/cacheable-request': 6.0.2
      '@types/responselike': 1.0.0
      cacheable-lookup: 5.0.4
      cacheable-request: 7.0.2
      decompress-response: 6.0.0
      http2-wrapper: 1.0.3
      lowercase-keys: 2.0.0
      p-cancelable: 2.1.1
      responselike: 2.0.0
    dev: false

  /got/9.6.0:
    resolution: {integrity: sha512-R7eWptXuGYxwijs0eV+v3o6+XH1IqVK8dJOEecQfTmkncw9AV4dcw/Dhxi8MdlqPthxxpZyizMzyg8RTmEsG+Q==}
    engines: {node: '>=8.6'}
    dependencies:
      '@sindresorhus/is': 0.14.0
      '@szmarczak/http-timer': 1.1.2
      '@types/keyv': 3.1.4
      '@types/responselike': 1.0.0
      cacheable-request: 6.1.0
      decompress-response: 3.3.0
      duplexer3: 0.1.4
      get-stream: 4.1.0
      lowercase-keys: 1.0.1
      mimic-response: 1.0.1
      p-cancelable: 1.1.0
      to-readable-stream: 1.0.0
      url-parse-lax: 3.0.0
    dev: false

  /graceful-fs/4.2.10:
    resolution: {integrity: sha512-9ByhssR2fPVsNZj478qUUbKfmL0+t5BDVyjShtyZZLiK7ZDAArFFfopyOTj0M05wE2tJPisA4iTnnXl2YoPvOA==}
    dev: false

  /has-flag/4.0.0:
    resolution: {integrity: sha512-EykJT/Q1KjTWctppgIAgfSO0tKVuZUjhgMr17kqTumMl6Afv3EISleU7qZUzoXDFTAHTDC4NOoG/ZxU3EvlMPQ==}
    engines: {node: '>=8'}

  /has-yarn/2.1.0:
    resolution: {integrity: sha512-UqBRqi4ju7T+TqGNdqAO0PaSVGsDGJUBQvk9eUWNGRY1CFGDzYhLWoM7JQEemnlvVcv/YEmc2wNW8BC24EnUsw==}
    engines: {node: '>=8'}
    dev: false

  /http-cache-semantics/4.1.0:
    resolution: {integrity: sha512-carPklcUh7ROWRK7Cv27RPtdhYhUsela/ue5/jKzjegVvXDqM2ILE9Q2BGn9JZJh1g87cp56su/FgQSzcWS8cQ==}
    dev: false

  /http2-wrapper/1.0.3:
    resolution: {integrity: sha512-V+23sDMr12Wnz7iTcDeJr3O6AIxlnvT/bmaAAAP/Xda35C90p9599p0F1eHR/N1KILWSoWVAiOMFjBBXaXSMxg==}
    engines: {node: '>=10.19.0'}
    dependencies:
      quick-lru: 5.1.1
      resolve-alpn: 1.2.1
    dev: false

  /ignore/5.2.0:
    resolution: {integrity: sha512-CmxgYGiEPCLhfLnpPp1MoRmifwEIOgjcHXxOBjv7mY96c+eWScsOP9c112ZyLdWHi0FxHjI+4uVhKYp/gcdRmQ==}
    engines: {node: '>= 4'}
    dev: true

  /import-lazy/2.1.0:
    resolution: {integrity: sha512-m7ZEHgtw69qOGw+jwxXkHlrlIPdTGkyh66zXZ1ajZbxkDBNjSY/LGbmjc7h0s2ELsUDTAhFr55TrPSSqJGPG0A==}
    engines: {node: '>=4'}
    dev: false

  /imurmurhash/0.1.4:
    resolution: {integrity: sha512-JmXMZ6wuvDmLiHEml9ykzqO6lwFbof0GG4IkcGaENdCRDDmMVnny7s5HsIgHCbaq0w2MyPhDqkhTUgS2LU2PHA==}
    engines: {node: '>=0.8.19'}
    dev: false

  /ini/1.3.8:
    resolution: {integrity: sha512-JV/yugV2uzW5iMRSiZAyDtQd+nxtUnjeLt0acNdw98kKLrvuRVyB80tsREOE7yvGVgalhZ6RNXCmEHkUKBKxew==}
    dev: false

  /ini/2.0.0:
    resolution: {integrity: sha512-7PnF4oN3CvZF23ADhA5wRaYEQpJ8qygSkbtTXWBeXWXmEVRXK+1ITciHWwHhsjv1TmW0MgacIv6hEi5pX5NQdA==}
    engines: {node: '>=10'}
    dev: false

  /is-ci/2.0.0:
    resolution: {integrity: sha512-YfJT7rkpQB0updsdHLGWrvhBJfcfzNNawYDNIyQXJz0IViGf75O8EBPKSdvw2rF+LGCsX4FZ8tcr3b19LcZq4w==}
    hasBin: true
    dependencies:
      ci-info: 2.0.0
    dev: false

  /is-extglob/2.1.1:
    resolution: {integrity: sha512-SbKbANkN603Vi4jEZv49LeVJMn4yGwsbzZworEoyEiutsN3nJYdbO36zfhGJ6QEDpOZIFkDtnq5JRxmvl3jsoQ==}
    engines: {node: '>=0.10.0'}
    dev: true

  /is-fullwidth-code-point/3.0.0:
    resolution: {integrity: sha512-zymm5+u+sCsSWyD9qNaejV3DFvhCKclKdizYaJUuHA83RLjb7nSuGnddCHGv0hk+KY7BMAlsWeK4Ueg6EV6XQg==}
    engines: {node: '>=8'}
    dev: false

  /is-glob/4.0.3:
    resolution: {integrity: sha512-xelSayHH36ZgE7ZWhli7pW34hNbNl8Ojv5KVmkJD4hBdD3th8Tfk9vYasLM+mXWOZhFkgZfxhLSnrwRr4elSSg==}
    engines: {node: '>=0.10.0'}
    dependencies:
      is-extglob: 2.1.1
    dev: true

  /is-installed-globally/0.4.0:
    resolution: {integrity: sha512-iwGqO3J21aaSkC7jWnHP/difazwS7SFeIqxv6wEtLU8Y5KlzFTjyqcSIT0d8s4+dDhKytsk9PJZ2BkS5eZwQRQ==}
    engines: {node: '>=10'}
    dependencies:
      global-dirs: 3.0.0
      is-path-inside: 3.0.3
    dev: false

  /is-npm/5.0.0:
    resolution: {integrity: sha512-WW/rQLOazUq+ST/bCAVBp/2oMERWLsR7OrKyt052dNDk4DHcDE0/7QSXITlmi+VBcV13DfIbysG3tZJm5RfdBA==}
    engines: {node: '>=10'}
    dev: false

  /is-number/7.0.0:
    resolution: {integrity: sha512-41Cifkg6e8TylSpdtTpeLVMqvSBEVzTttHvERD741+pnZ8ANv0004MRL43QKPDlK9cGvNp6NZWZUBlbGXYxxng==}
    engines: {node: '>=0.12.0'}
    dev: true

  /is-obj/2.0.0:
    resolution: {integrity: sha512-drqDG3cbczxxEJRoOXcOjtdp1J/lyp1mNn0xaznRs8+muBhgQcrnbspox5X5fOw0HnMnbfDzvnEMEtqDEJEo8w==}
    engines: {node: '>=8'}
    dev: false

  /is-path-inside/3.0.3:
    resolution: {integrity: sha512-Fd4gABb+ycGAmKou8eMftCupSir5lRxqf4aD/vd0cD2qc4HL07OjCeuHMr8Ro4CoMaeCKDB0/ECBOVWjTwUvPQ==}
    engines: {node: '>=8'}
    dev: false

  /is-typedarray/1.0.0:
    resolution: {integrity: sha512-cyA56iCMHAh5CdzjJIa4aohJyeO1YbwLi3Jc35MmRU6poroFjIGZzUzupGiRPOjgHg9TLu43xbpwXk523fMxKA==}
    dev: false

  /is-yarn-global/0.3.0:
    resolution: {integrity: sha512-VjSeb/lHmkoyd8ryPVIKvOCn4D1koMqY+vqyjjUfc3xyKtP4dYOxM44sZrnqQSzSds3xyOrUTLTC9LVCVgLngw==}
    dev: false

  /isexe/2.0.0:
    resolution: {integrity: sha512-RHxMLp9lnKHGHRng9QFhRCMbYAcVpn69smSGcq3f36xjgVVWThj4qqLbTLlq7Ssj8B+fIQ1EuCEGI2lKsyQeIw==}
    dev: true

  /json-buffer/3.0.0:
    resolution: {integrity: sha512-CuUqjv0FUZIdXkHPI8MezCnFCdaTAacej1TZYulLoAg1h/PhwkdXFN4V/gzY4g+fMBCOV2xF+rp7t2XD2ns/NQ==}
    dev: false

  /json-buffer/3.0.1:
    resolution: {integrity: sha512-4bV5BfR2mqfQTJm+V5tPPdf+ZpuhiIvTuAB5g8kcrXOZpTT/QwwVRWBywX1ozr6lEuPdbHxwaJlm9G6mI2sfSQ==}
    dev: false

  /keyv/3.1.0:
    resolution: {integrity: sha512-9ykJ/46SN/9KPM/sichzQ7OvXyGDYKGTaDlKMGCAlg2UK8KRy4jb0d8sFc+0Tt0YYnThq8X2RZgCg74RPxgcVA==}
    dependencies:
      json-buffer: 3.0.0
    dev: false

  /keyv/4.2.8:
    resolution: {integrity: sha512-IZZo6krhHWPhgsP5mBkEdPopVPN/stgCnBVuqi6dda/Nm5mDTOSVTrFMkWqlJsDum+B0YSe887tNxdjDWkO7aQ==}
    dependencies:
      compress-brotli: 1.3.8
      json-buffer: 3.0.1
    dev: false

  /kleur/3.0.3:
    resolution: {integrity: sha512-eTIzlVOSUR+JxdDFepEYcBMtZ9Qqdef+rnzWdRZuMbOywu5tO2w2N7rqjoANZ5k9vywhL6Br1VRjUIgTQx4E8w==}
    engines: {node: '>=6'}

  /latest-version/5.1.0:
    resolution: {integrity: sha512-weT+r0kTkRQdCdYCNtkMwWXQTMEswKrFBkm4ckQOMVhhqhIMI1UT2hMj+1iigIhgSZm5gTmrRXBNoGUgaTY1xA==}
    engines: {node: '>=8'}
    dependencies:
      package-json: 6.5.0
    dev: false

  /lodash.camelcase/4.3.0:
    resolution: {integrity: sha512-TwuEnCnxbc3rAvhf/LbG7tJUDzhqXyFnv3dtzLOPgCG/hODL7WFnsbwktkD7yUV0RrreP/l1PALq/YSg6VvjlA==}
    dev: true

  /lowercase-keys/1.0.1:
    resolution: {integrity: sha512-G2Lj61tXDnVFFOi8VZds+SoQjtQC3dgokKdDG2mTm1tx4m50NUHBOZSBwQQHyy0V12A0JTG4icfZQH+xPyh8VA==}
    engines: {node: '>=0.10.0'}
    dev: false

  /lowercase-keys/2.0.0:
    resolution: {integrity: sha512-tqNXrS78oMOE73NMxK4EMLQsQowWf8jKooH9g7xPavRT706R6bkQJ6DY2Te7QukaZsulxa30wQ7bk0pm4XiHmA==}
    engines: {node: '>=8'}
    dev: false

  /lru-cache/6.0.0:
    resolution: {integrity: sha512-Jo6dJ04CmSjuznwJSS3pUeWmd/H0ffTlkXXgwZi+eq1UCmqQwCh+eLsYOYCwY991i2Fah4h1BEMCx4qThGbsiA==}
    engines: {node: '>=10'}
    dependencies:
      yallist: 4.0.0

  /make-dir/3.1.0:
    resolution: {integrity: sha512-g3FeP20LNwhALb/6Cz6Dd4F2ngze0jz7tbzrD2wAV+o9FeNHe4rL+yK2md0J/fiSf1sa1ADhXqi5+oVwOM/eGw==}
    engines: {node: '>=8'}
    dependencies:
      semver: 6.3.0
    dev: false

  /merge2/1.4.1:
    resolution: {integrity: sha512-8q7VEgMJW4J8tcfVPy8g09NcQwZdbwFEqhe/WZkoIzjn/3TGDwtOCYtXGxA3O8tPzpczCCDgv+P2P5y00ZJOOg==}
    engines: {node: '>= 8'}
    dev: true

  /micromatch/4.0.5:
    resolution: {integrity: sha512-DMy+ERcEW2q8Z2Po+WNXuw3c5YaUSFjAO5GsJqfEl7UjvtIuFKO6ZrKvcItdy98dwFI2N1tg3zNIdKaQT+aNdA==}
    engines: {node: '>=8.6'}
    dependencies:
      braces: 3.0.2
      picomatch: 2.3.1
    dev: true

  /mimic-response/1.0.1:
    resolution: {integrity: sha512-j5EctnkH7amfV/q5Hgmoal1g2QHFJRraOtmx0JpIqkxhBhI/lJSl1nMpQ45hVarwNETOoWEimndZ4QK0RHxuxQ==}
    engines: {node: '>=4'}
    dev: false

  /mimic-response/3.1.0:
    resolution: {integrity: sha512-z0yWI+4FDrrweS8Zmt4Ej5HdJmky15+L2e6Wgn3+iK5fWzb6T3fhNFq2+MeTRb064c6Wr4N/wv0DzQTjNzHNGQ==}
    engines: {node: '>=10'}
    dev: false

  /minimist/1.2.6:
    resolution: {integrity: sha512-Jsjnk4bw3YJqYzbdyBiNsPWHPfO++UGG749Cxs6peCu5Xg4nrena6OVxOYxrQTqww0Jmwt+Ref8rggumkTLz9Q==}
    dev: false

  /normalize-url/4.5.1:
    resolution: {integrity: sha512-9UZCFRHQdNrfTpGg8+1INIg93B6zE0aXMVFkw1WFwvO4SlZywU6aLg5Of0Ap/PgcbSw4LNxvMWXMeugwMCX0AA==}
    engines: {node: '>=8'}
    dev: false

  /normalize-url/6.1.0:
    resolution: {integrity: sha512-DlL+XwOy3NxAQ8xuC0okPgK46iuVNAK01YN7RueYBqqFeGsBjV9XmCAzAdgt+667bCl5kPh9EqKKDwnaPG1I7A==}
    engines: {node: '>=10'}
    dev: false

  /once/1.4.0:
    resolution: {integrity: sha512-lNaJgI+2Q5URQBkccEKHTQOPaXdUxnZZElQTZY0MFUAuaEqe1E+Nyvgdz/aIyNi6Z9MzO5dv1H8n58/GELp3+w==}
    dependencies:
      wrappy: 1.0.2
    dev: false

  /p-cancelable/1.1.0:
    resolution: {integrity: sha512-s73XxOZ4zpt1edZYZzvhqFa6uvQc1vwUa0K0BdtIZgQMAJj9IbebH+JkgKZc9h+B05PKHLOTl4ajG1BmNrVZlw==}
    engines: {node: '>=6'}
    dev: false

  /p-cancelable/2.1.1:
    resolution: {integrity: sha512-BZOr3nRQHOntUjTrH8+Lh54smKHoHyur8We1V8DSMVrl5A2malOOwuJRnKRDjSnkoeBh4at6BwEnb5I7Jl31wg==}
    engines: {node: '>=8'}
    dev: false

  /package-json/6.5.0:
    resolution: {integrity: sha512-k3bdm2n25tkyxcjSKzB5x8kfVxlMdgsbPr0GkZcwHsLpba6cBjqCt1KlcChKEvxHIcTB1FVMuwoijZ26xex5MQ==}
    engines: {node: '>=8'}
    dependencies:
      got: 9.6.0
      registry-auth-token: 4.2.1
      registry-url: 5.1.0
      semver: 6.3.0
    dev: false

  /path-key/3.1.1:
    resolution: {integrity: sha512-ojmeN0qd+y0jszEtoY48r0Peq5dwMEkIlCOu6Q5f41lfkswXuKtYrhgoTpLnyIcHm24Uhqx+5Tqm2InSwLhE6Q==}
    engines: {node: '>=8'}
    dev: true

  /path-type/4.0.0:
    resolution: {integrity: sha512-gDKb8aZMDeD/tZWs9P6+q0J9Mwkdl6xMV8TjnGP3qJVJ06bdMgkbBlLU8IdfOsIsFz2BW1rNVT3XuNEl8zPAvw==}
    engines: {node: '>=8'}
    dev: true

  /picomatch/2.3.1:
    resolution: {integrity: sha512-JU3teHTNjmE2VCGFzuY8EXzCDVwEqB2a8fsIvwaStHhAWJEeVd1o1QD80CU6+ZdEXXSLbSsuLwJjkCBWqRQUVA==}
    engines: {node: '>=8.6'}
    dev: true

  /prepend-http/2.0.0:
    resolution: {integrity: sha512-ravE6m9Atw9Z/jjttRUZ+clIXogdghyZAuWJ3qEzjT+jI/dL1ifAqhZeC5VHzQp1MSt1+jxKkFNemj/iO7tVUA==}
    engines: {node: '>=4'}
    dev: false

  /prettier/2.6.2:
    resolution: {integrity: sha512-PkUpF+qoXTqhOeWL9fu7As8LXsIUZ1WYaJiY/a7McAQzxjk82OF0tibkFXVCDImZtWxbvojFjerkiLb0/q8mew==}
    engines: {node: '>=10.13.0'}
    hasBin: true
    dev: true

  /prompts/2.4.2:
    resolution: {integrity: sha512-NxNv/kLguCA7p3jE8oL2aEBsrJWgAakBpgmgK6lpPWV+WuOmY6r2/zbAVnP+T8bQlA0nzHXSJSJW0Hq7ylaD2Q==}
    engines: {node: '>= 6'}
    dependencies:
      kleur: 3.0.3
      sisteransi: 1.0.5

  /pump/3.0.0:
    resolution: {integrity: sha512-LwZy+p3SFs1Pytd/jYct4wpv49HiYCqd9Rlc5ZVdk0V+8Yzv6jR5Blk3TRmPL1ft69TxP0IMZGJ+WPFU2BFhww==}
    dependencies:
      end-of-stream: 1.4.4
      once: 1.4.0
    dev: false

  /pupa/2.1.1:
    resolution: {integrity: sha512-l1jNAspIBSFqbT+y+5FosojNpVpF94nlI+wDUpqP9enwOTfHx9f0gh5nB96vl+6yTpsJsypeNrwfzPrKuHB41A==}
    engines: {node: '>=8'}
    dependencies:
      escape-goat: 2.1.1
    dev: false

  /queue-microtask/1.2.3:
    resolution: {integrity: sha512-NuaNSa6flKT5JaSYQzJok04JzTL1CA6aGhv5rfLW3PgqA+M2ChpZQnAC8h8i4ZFkBS8X5RqkDBHA7r4hej3K9A==}
    dev: true

  /quick-lru/5.1.1:
    resolution: {integrity: sha512-WuyALRjWPDGtt/wzJiadO5AXY+8hZ80hVpe6MyivgraREW751X3SbhRvG3eLKOYN+8VEvqLcf3wdnt44Z4S4SA==}
    engines: {node: '>=10'}
    dev: false

  /rc/1.2.8:
    resolution: {integrity: sha512-y3bGgqKj3QBdxLbLkomlohkvsA8gdAiUQlSBJnBhfn+BPxg4bc62d8TcBW15wavDfgexCgccckhcZvywyQYPOw==}
    hasBin: true
    dependencies:
      deep-extend: 0.6.0
      ini: 1.3.8
      minimist: 1.2.6
      strip-json-comments: 2.0.1
    dev: false

  /registry-auth-token/4.2.1:
    resolution: {integrity: sha512-6gkSb4U6aWJB4SF2ZvLb76yCBjcvufXBqvvEx1HbmKPkutswjW1xNVRY0+daljIYRbogN7O0etYSlbiaEQyMyw==}
    engines: {node: '>=6.0.0'}
    dependencies:
      rc: 1.2.8
    dev: false

  /registry-url/5.1.0:
    resolution: {integrity: sha512-8acYXXTI0AkQv6RAOjE3vOaIXZkT9wo4LOFbBKYQEEnnMNBpKqdUrI6S4NT0KPIo/WVvJ5tE/X5LF/TQUf0ekw==}
    engines: {node: '>=8'}
    dependencies:
      rc: 1.2.8
    dev: false

  /resolve-alpn/1.2.1:
    resolution: {integrity: sha512-0a1F4l73/ZFZOakJnQ3FvkJ2+gSTQWz/r2KE5OdDY0TxPm5h4GkqkWWfM47T7HsbnOtcJVEF4epCVy6u7Q3K+g==}
    dev: false

  /responselike/1.0.2:
    resolution: {integrity: sha512-/Fpe5guzJk1gPqdJLJR5u7eG/gNY4nImjbRDaVWVMRhne55TCmj2i9Q+54PBRfatRC8v/rIiv9BN0pMd9OV5EQ==}
    dependencies:
      lowercase-keys: 1.0.1
    dev: false

  /responselike/2.0.0:
    resolution: {integrity: sha512-xH48u3FTB9VsZw7R+vvgaKeLKzT6jOogbQhEe/jewwnZgzPcnyWui2Av6JpoYZF/91uueC+lqhWqeURw5/qhCw==}
    dependencies:
      lowercase-keys: 2.0.0
    dev: false

  /reusify/1.0.4:
    resolution: {integrity: sha512-U9nH88a3fc/ekCF1l0/UP1IosiuIjyTh7hBvXVMHYgVcfGvt897Xguj2UOLDeI5BG2m7/uwyaLVT6fbtCwTyzw==}
    engines: {iojs: '>=1.0.0', node: '>=0.10.0'}
    dev: true

  /run-parallel/1.2.0:
    resolution: {integrity: sha512-5l4VyZR86LZ/lDxZTR6jqL8AFE2S0IFLMP26AbjsLVADxHdhB/c0GUsH+y39UfCi3dzz8OlQuPmnaJOMoDHQBA==}
    dependencies:
      queue-microtask: 1.2.3
    dev: true

  /semver-diff/3.1.1:
    resolution: {integrity: sha512-GX0Ix/CJcHyB8c4ykpHGIAvLyOwOobtM/8d+TQkAd81/bEjgPHrfba41Vpesr7jX/t8Uh+R3EX9eAS5be+jQYg==}
    engines: {node: '>=8'}
    dependencies:
      semver: 6.3.0
    dev: false

  /semver/6.3.0:
    resolution: {integrity: sha512-b39TBaTSfV6yBrapU89p5fKekE2m/NwnDocOVruQFS1/veMgdzuPcnOM34M6CwxW8jH/lxEa5rBoDeUwu5HHTw==}
    hasBin: true
    dev: false

  /semver/7.3.7:
    resolution: {integrity: sha512-QlYTucUYOews+WeEujDoEGziz4K6c47V/Bd+LjSSYcA94p+DmINdf7ncaUinThfvZyu13lN9OY1XDxt8C0Tw0g==}
    engines: {node: '>=10'}
    hasBin: true
    dependencies:
      lru-cache: 6.0.0

  /shebang-command/2.0.0:
    resolution: {integrity: sha512-kHxr2zZpYtdmrN1qDjrrX/Z1rR1kG8Dx+gkpK1G4eXmvXswmcE1hTWBWYUzlraYw1/yZp6YuDY77YtvbN0dmDA==}
    engines: {node: '>=8'}
    dependencies:
      shebang-regex: 3.0.0
    dev: true

  /shebang-regex/3.0.0:
    resolution: {integrity: sha512-7++dFhtcx3353uBaq8DDR4NuxBetBzC7ZQOhmTQInHEd6bSrXdiEyzCvG07Z44UYdLShWUyXt5M/yhz8ekcb1A==}
    engines: {node: '>=8'}
    dev: true

  /signal-exit/3.0.7:
    resolution: {integrity: sha512-wnD2ZE+l+SPC/uoS0vXeE9L1+0wuaMqKlfz9AMUo38JsyLSBWSFcHR1Rri62LZc12vLr1gb3jl7iwQhgwpAbGQ==}
    dev: false

  /sisteransi/1.0.5:
    resolution: {integrity: sha512-bLGGlR1QxBcynn2d5YmDX4MGjlZvy2MRBDRNHLJ8VI6l6+9FUiyTFNJ0IveOSP0bcXgVDPRcfGqA0pjaqUpfVg==}

  /slash/3.0.0:
    resolution: {integrity: sha512-g9Q1haeby36OSStwb4ntCGGGaKsaVSjQ68fBxoQcutl5fS1vuY18H3wSt3jFyFtrkx+Kz0V1G85A4MyAdDMi2Q==}
    engines: {node: '>=8'}
    dev: true

  /string-argv/0.3.1:
    resolution: {integrity: sha512-a1uQGz7IyVy9YwhqjZIZu1c8JO8dNIe20xBmSS6qu9kv++k3JGzCVmprbNN5Kn+BgzD5E7YYwg1CcjuJMRNsvg==}
    engines: {node: '>=0.6.19'}
    dev: true

  /string-width/4.2.3:
    resolution: {integrity: sha512-wKyQRQpjJ0sIp62ErSZdGsjMJWsap5oRNihHhu6G7JVO/9jIB6UyevL+tXuOqrng8j/cxKTWyWUwvSTriiZz/g==}
    engines: {node: '>=8'}
    dependencies:
      emoji-regex: 8.0.0
      is-fullwidth-code-point: 3.0.0
      strip-ansi: 6.0.1
    dev: false

  /strip-ansi/6.0.1:
    resolution: {integrity: sha512-Y38VPSHcqkFrCpFnQ9vuSXmquuv5oXOKpGeT6aGrr3o3Gc9AlVa6JBfUSOCnbxGGZF+/0ooI7KrPuUSztUdU5A==}
    engines: {node: '>=8'}
    dependencies:
      ansi-regex: 5.0.1
    dev: false

  /strip-json-comments/2.0.1:
    resolution: {integrity: sha512-4gB8na07fecVVkOI6Rs4e7T6NOTki5EmL7TUduTs6bu3EdnSycntVJ4re8kgZA+wx9IueI2Y11bfbgwtzuE0KQ==}
    engines: {node: '>=0.10.0'}
    dev: false

  /supports-color/7.2.0:
    resolution: {integrity: sha512-qpCAvRl9stuOHveKsn7HncJRvv501qIacKzQlO/+Lwxc9+0q2wLyv4Dfvt80/DPn2pqOBsJdDiogXGR9+OvwRw==}
    engines: {node: '>=8'}
    dependencies:
      has-flag: 4.0.0

  /to-readable-stream/1.0.0:
    resolution: {integrity: sha512-Iq25XBt6zD5npPhlLVXGFN3/gyR2/qODcKNNyTMd4vbm39HUaOiAM4PMq0eMVC/Tkxz+Zjdsc55g9yyz+Yq00Q==}
    engines: {node: '>=6'}
    dev: false

  /to-regex-range/5.0.1:
    resolution: {integrity: sha512-65P7iz6X5yEr1cwcgvQxbbIw7Uk3gOy5dIdtZ4rDveLqhrdJP+Li/Hx6tyK0NEb+2GCyneCMJiGqrADCSNk8sQ==}
    engines: {node: '>=8.0'}
    dependencies:
      is-number: 7.0.0
    dev: true

  /type-detect/4.0.8:
    resolution: {integrity: sha512-0fr/mIH1dlO+x7TlcMy+bIDqKPsw/70tVyeHW787goQjhmqaZe10uwLujubK9q9Lg6Fiho1KUKDYz0Z7k7g5/g==}
    engines: {node: '>=4'}
    dev: true

  /type-fest/0.20.2:
    resolution: {integrity: sha512-Ne+eE4r0/iWnpAxD852z3A+N0Bt5RN//NjJwRd2VFHEmrywxf5vsZlh4R6lixl6B+wz/8d+maTSAkN1FIkI3LQ==}
    engines: {node: '>=10'}
    dev: false

  /typedarray-to-buffer/3.1.5:
    resolution: {integrity: sha512-zdu8XMNEDepKKR+XYOXAVPtWui0ly0NtohUscw+UmaHiAWT8hrV1rr//H6V+0DvJ3OQ19S979M0laLfX8rm82Q==}
    dependencies:
      is-typedarray: 1.0.0
    dev: false

  /typical/4.0.0:
    resolution: {integrity: sha512-VAH4IvQ7BDFYglMd7BPRDfLgxZZX4O4TFcRDA6EN5X7erNJJq+McIEp8np9aVtxrCJ6qx4GTYVfOWNjcqwZgRw==}
    engines: {node: '>=8'}
    dev: true

  /unique-string/2.0.0:
    resolution: {integrity: sha512-uNaeirEPvpZWSgzwsPGtU2zVSTrn/8L5q/IexZmH0eH6SA73CmAA5U4GwORTxQAZs95TAXLNqeLoPPNO5gZfWg==}
    engines: {node: '>=8'}
    dependencies:
      crypto-random-string: 2.0.0
    dev: false

  /update-notifier/5.1.0:
    resolution: {integrity: sha512-ItnICHbeMh9GqUy31hFPrD1kcuZ3rpxDZbf4KUDavXwS0bW5m7SLbDQpGX3UYr072cbrF5hFUs3r5tUsPwjfHw==}
    engines: {node: '>=10'}
    dependencies:
      boxen: 5.1.2
      chalk: 4.1.2
      configstore: 5.0.1
      has-yarn: 2.1.0
      import-lazy: 2.1.0
      is-ci: 2.0.0
      is-installed-globally: 0.4.0
      is-npm: 5.0.0
      is-yarn-global: 0.3.0
      latest-version: 5.1.0
      pupa: 2.1.1
      semver: 7.3.7
      semver-diff: 3.1.1
      xdg-basedir: 4.0.0
    dev: false

  /url-parse-lax/3.0.0:
    resolution: {integrity: sha512-NjFKA0DidqPa5ciFcSrXnAltTtzz84ogy+NebPvfEgAck0+TNg4UJ4IN+fB7zRZfbgUf0syOo9MDxFkDSMuFaQ==}
    engines: {node: '>=4'}
    dependencies:
      prepend-http: 2.0.0
    dev: false

  /which/2.0.2:
    resolution: {integrity: sha512-BLI3Tl1TW3Pvl70l3yq3Y64i+awpwXqsGBYWkkqMtnbXgrMD+yj7rhW0kuEDxzJaYXGjEW5ogapKNMEKNMjibA==}
    engines: {node: '>= 8'}
    hasBin: true
    dependencies:
      isexe: 2.0.0
    dev: true

  /widest-line/3.1.0:
    resolution: {integrity: sha512-NsmoXalsWVDMGupxZ5R08ka9flZjjiLvHVAWYOKtiKM8ujtZWr9cRffak+uSE48+Ob8ObalXpwyeUiyDD6QFgg==}
    engines: {node: '>=8'}
    dependencies:
      string-width: 4.2.3
    dev: false

  /wrap-ansi/7.0.0:
    resolution: {integrity: sha512-YVGIj2kamLSTxw6NsZjoBxfSwsn0ycdesmc4p+Q21c5zPuZ1pl+NfxVdxPtdHvmNVOQ6XSYG4AUtyt/Fi7D16Q==}
    engines: {node: '>=10'}
    dependencies:
      ansi-styles: 4.3.0
      string-width: 4.2.3
      strip-ansi: 6.0.1
    dev: false

  /wrappy/1.0.2:
    resolution: {integrity: sha512-l4Sp/DRseor9wL6EvV2+TuQn63dMkPjZ/sp9XkghTEbV9KlPS1xUsZ3u7/IQO4wxtcFB4bgpQPRcR3QCvezPcQ==}
    dev: false

  /write-file-atomic/3.0.3:
    resolution: {integrity: sha512-AvHcyZ5JnSfq3ioSyjrBkH9yW4m7Ayk8/9My/DD9onKeu/94fwrMocemO2QAJFAlnnDN+ZDS+ZjAR5ua1/PV/Q==}
    dependencies:
      imurmurhash: 0.1.4
      is-typedarray: 1.0.0
      signal-exit: 3.0.7
      typedarray-to-buffer: 3.1.5
    dev: false

  /xdg-basedir/4.0.0:
    resolution: {integrity: sha512-PSNhEJDejZYV7h50BohL09Er9VaIefr2LMAf3OEmpCkjOi34eYyQYAXUTjEQtZJTKcF0E2UKTh+osDLsgNim9Q==}
    engines: {node: '>=8'}
    dev: false

  /yallist/4.0.0:
    resolution: {integrity: sha512-3wdGidZyq5PB084XLES5TpOSRA3wjXAlIWMhum2kRcv/41Sn2emQ0dycQW4uZXLejwKvg6EsvbdlVL+FYEct7A==}
