# THIS IS AN AUTOGENERATED FILE. DO NOT EDIT THIS FILE DIRECTLY.
# yarn lockfile v1


"@sindresorhus/is@^0.14.0":
  version "0.14.0"
  resolved "https://registry.nlark.com/@sindresorhus/is/download/@sindresorhus/is-0.14.0.tgz#9fb3a3cf3132328151f353de4632e01e52102bea"
  integrity sha1-n7OjzzEyMoFR81PeRjLgHlIQK+o=

"@sindresorhus/is@^4.0.0":
  version "4.2.0"
  resolved "https://registry.nlark.com/@sindresorhus/is/download/@sindresorhus/is-4.2.0.tgz#667bfc6186ae7c9e0b45a08960c551437176e1ca"
  integrity sha1-Znv8YYaufJ4LRaCJYMVRQ3F24co=

"@szmarczak/http-timer@^1.1.2":
  version "1.1.2"
  resolved "https://registry.nlark.com/@szmarczak/http-timer/download/@szmarczak/http-timer-1.1.2.tgz#b1665e2c461a2cd92f4c1bbf50d5454de0d4b421"
  integrity sha1-sWZeLEYaLNkvTBu/UNVFTeDUtCE=
  dependencies:
    defer-to-connect "^1.0.1"

"@szmarczak/http-timer@^4.0.5":
  version "4.0.6"
  resolved "https://registry.nlark.com/@szmarczak/http-timer/download/@szmarczak/http-timer-4.0.6.tgz#b4a914bb62e7c272d4e5989fe4440f812ab1d807"
  integrity sha1-tKkUu2LnwnLU5Zif5EQPgSqx2Ac=
  dependencies:
    defer-to-connect "^2.0.0"

"@types/cacheable-request@^6.0.1":
  version "6.0.2"
  resolved "https://registry.npmmirror.com/@types/cacheable-request/download/@types/cacheable-request-6.0.2.tgz?cache=0&sync_timestamp=1637264588838&other_urls=https%3A%2F%2Fregistry.npmmirror.com%2F%40types%2Fcacheable-request%2Fdownload%2F%40types%2Fcacheable-request-6.0.2.tgz#c324da0197de0a98a2312156536ae262429ff6b9"
  integrity sha1-wyTaAZfeCpiiMSFWU2riYkKf9rk=
  dependencies:
    "@types/http-cache-semantics" "*"
    "@types/keyv" "*"
    "@types/node" "*"
    "@types/responselike" "*"

"@types/http-cache-semantics@*":
  version "4.0.1"
  resolved "https://registry.npmmirror.com/@types/http-cache-semantics/download/@types/http-cache-semantics-4.0.1.tgz?cache=0&sync_timestamp=1637266863007&other_urls=https%3A%2F%2Fregistry.npmmirror.com%2F%40types%2Fhttp-cache-semantics%2Fdownload%2F%40types%2Fhttp-cache-semantics-4.0.1.tgz#0ea7b61496902b95890dc4c3a116b60cb8dae812"
  integrity sha1-Dqe2FJaQK5WJDcTDoRa2DLja6BI=

"@types/keyv@*":
  version "3.1.3"
  resolved "https://registry.npmmirror.com/@types/keyv/download/@types/keyv-3.1.3.tgz?cache=0&sync_timestamp=1637266948656&other_urls=https%3A%2F%2Fregistry.npmmirror.com%2F%40types%2Fkeyv%2Fdownload%2F%40types%2Fkeyv-3.1.3.tgz#1c9aae32872ec1f20dcdaee89a9f3ba88f465e41"
  integrity sha1-HJquMocuwfINza7omp87qI9GXkE=
  dependencies:
    "@types/node" "*"

"@types/node@*":
  version "17.0.8"
  resolved "https://registry.npmmirror.com/@types/node/download/@types/node-17.0.8.tgz#50d680c8a8a78fe30abe6906453b21ad8ab0ad7b"
  integrity sha512-YofkM6fGv4gDJq78g4j0mMuGMkZVxZDgtU0JRdx6FgiJDG+0fY0GKVolOV8WqVmEhLCXkQRjwDdKyPxJp/uucg==

"@types/responselike@*", "@types/responselike@^1.0.0":
  version "1.0.0"
  resolved "https://registry.npmmirror.com/@types/responselike/download/@types/responselike-1.0.0.tgz?cache=0&sync_timestamp=1637270535147&other_urls=https%3A%2F%2Fregistry.npmmirror.com%2F%40types%2Fresponselike%2Fdownload%2F%40types%2Fresponselike-1.0.0.tgz#251f4fe7d154d2bad125abe1b429b23afd262e29"
  integrity sha1-JR9P59FU0rrRJavhtCmyOv0mLik=
  dependencies:
    "@types/node" "*"

ansi-align@^3.0.0:
  version "3.0.1"
  resolved "https://registry.npmmirror.com/ansi-align/download/ansi-align-3.0.1.tgz#0cdf12e111ace773a86e9a1fad1225c43cb19a59"
  integrity sha1-DN8S4RGs53OobpofrRIlxDyxmlk=
  dependencies:
    string-width "^4.1.0"

ansi-escapes@^4.2.1:
  version "4.3.2"
  resolved "https://registry.nlark.com/ansi-escapes/download/ansi-escapes-4.3.2.tgz?cache=0&other_urls=https%3A%2F%2Fregistry.nlark.com%2Fansi-escapes%2Fdownload%2Fansi-escapes-4.3.2.tgz#6b2291d1db7d98b6521d5f1efa42d0f3a9feb65e"
  integrity sha1-ayKR0dt9mLZSHV8e+kLQ86n+tl4=
  dependencies:
    type-fest "^0.21.3"

ansi-regex@^5.0.1:
  version "5.0.1"
  resolved "https://registry.nlark.com/ansi-regex/download/ansi-regex-5.0.1.tgz#082cb2c89c9fe8659a311a53bd6a4dc5301db304"
  integrity sha1-CCyyyJyf6GWaMRpTvWpNxTAdswQ=

ansi-styles@^4.0.0, ansi-styles@^4.1.0:
  version "4.3.0"
  resolved "https://registry.nlark.com/ansi-styles/download/ansi-styles-4.3.0.tgz#edd803628ae71c04c85ae7a0906edad34b648937"
  integrity sha1-7dgDYornHATIWuegkG7a00tkiTc=
  dependencies:
    color-convert "^2.0.1"

base64-js@^1.3.1:
  version "1.5.1"
  resolved "https://registry.nlark.com/base64-js/download/base64-js-1.5.1.tgz#1b1b440160a5bf7ad40b650f095963481903930a"
  integrity sha1-GxtEAWClv3rUC2UPCVljSBkDkwo=

bl@^4.1.0:
  version "4.1.0"
  resolved "https://registry.nlark.com/bl/download/bl-4.1.0.tgz#451535264182bec2fbbc83a62ab98cf11d9f7b3a"
  integrity sha1-RRU1JkGCvsL7vIOmKrmM8R2fezo=
  dependencies:
    buffer "^5.5.0"
    inherits "^2.0.4"
    readable-stream "^3.4.0"

boxen@^5.0.0:
  version "5.1.2"
  resolved "https://registry.npmmirror.com/boxen/download/boxen-5.1.2.tgz?cache=0&sync_timestamp=1634028659618&other_urls=https%3A%2F%2Fregistry.npmmirror.com%2Fboxen%2Fdownload%2Fboxen-5.1.2.tgz#788cb686fc83c1f486dfa8a40c68fc2b831d2b50"
  integrity sha1-eIy2hvyDwfSG36ikDGj8K4MdK1A=
  dependencies:
    ansi-align "^3.0.0"
    camelcase "^6.2.0"
    chalk "^4.1.0"
    cli-boxes "^2.2.1"
    string-width "^4.2.2"
    type-fest "^0.20.2"
    widest-line "^3.1.0"
    wrap-ansi "^7.0.0"

buffer@^5.5.0:
  version "5.7.1"
  resolved "https://registry.npmmirror.com/buffer/download/buffer-5.7.1.tgz#ba62e7c13133053582197160851a8f648e99eed0"
  integrity sha512-EHcyIPBQ4BSGlvjB16k5KgAJ27CIsHY/2JBmCRReo48y9rQ3MaUzWX3KVlBa4U7MyX02HdVj0K7C3WaB3ju7FQ==
  dependencies:
    base64-js "^1.3.1"
    ieee754 "^1.1.13"

cacheable-lookup@^5.0.3:
  version "5.0.4"
  resolved "https://registry.npmmirror.com/cacheable-lookup/download/cacheable-lookup-5.0.4.tgz?cache=0&sync_timestamp=1634548292522&other_urls=https%3A%2F%2Fregistry.npmmirror.com%2Fcacheable-lookup%2Fdownload%2Fcacheable-lookup-5.0.4.tgz#5a6b865b2c44357be3d5ebc2a467b032719a7005"
  integrity sha1-WmuGWyxENXvj1evCpGewMnGacAU=

cacheable-request@^6.0.0:
  version "6.1.0"
  resolved "https://registry.nlark.com/cacheable-request/download/cacheable-request-6.1.0.tgz#20ffb8bd162ba4be11e9567d823db651052ca912"
  integrity sha1-IP+4vRYrpL4R6VZ9gj22UQUsqRI=
  dependencies:
    clone-response "^1.0.2"
    get-stream "^5.1.0"
    http-cache-semantics "^4.0.0"
    keyv "^3.0.0"
    lowercase-keys "^2.0.0"
    normalize-url "^4.1.0"
    responselike "^1.0.2"

cacheable-request@^7.0.2:
  version "7.0.2"
  resolved "https://registry.nlark.com/cacheable-request/download/cacheable-request-7.0.2.tgz#ea0d0b889364a25854757301ca12b2da77f91d27"
  integrity sha1-6g0LiJNkolhUdXMByhKy2nf5HSc=
  dependencies:
    clone-response "^1.0.2"
    get-stream "^5.1.0"
    http-cache-semantics "^4.0.0"
    keyv "^4.0.0"
    lowercase-keys "^2.0.0"
    normalize-url "^6.0.1"
    responselike "^2.0.0"

camelcase@^6.2.0:
  version "6.3.0"
  resolved "https://registry.npmmirror.com/camelcase/download/camelcase-6.3.0.tgz#5685b95eb209ac9c0c177467778c9c84df58ba9a"
  integrity sha512-Gmy6FhYlCY7uOElZUSbxo2UCDH8owEk996gkbrpsgGtrJLM3J7jGxl9Ic7Qwwj4ivOE5AWZWRMecDdF7hqGjFA==

chalk@^4.1.0, chalk@^4.1.1:
  version "4.1.2"
  resolved "https://registry.npmmirror.com/chalk/download/chalk-4.1.2.tgz#aac4e2b7734a740867aeb16bf02aad556a1e7a01"
  integrity sha1-qsTit3NKdAhnrrFr8CqtVWoeegE=
  dependencies:
    ansi-styles "^4.1.0"
    supports-color "^7.1.0"

chardet@^0.7.0:
  version "0.7.0"
  resolved "https://registry.npmmirror.com/chardet/download/chardet-0.7.0.tgz?cache=0&sync_timestamp=1634639108550&other_urls=https%3A%2F%2Fregistry.npmmirror.com%2Fchardet%2Fdownload%2Fchardet-0.7.0.tgz#90094849f0937f2eedc2425d0d28a9e5f0cbad9e"
  integrity sha1-kAlISfCTfy7twkJdDSip5fDLrZ4=

ci-info@^2.0.0:
  version "2.0.0"
  resolved "https://registry.npmmirror.com/ci-info/download/ci-info-2.0.0.tgz#67a9e964be31a51e15e5010d58e6f12834002f46"
  integrity sha1-Z6npZL4xpR4V5QENWObxKDQAL0Y=

cli-boxes@^2.2.1:
  version "2.2.1"
  resolved "https://registry.nlark.com/cli-boxes/download/cli-boxes-2.2.1.tgz#ddd5035d25094fce220e9cab40a45840a440318f"
  integrity sha1-3dUDXSUJT84iDpyrQKRYQKRAMY8=

cli-cursor@^3.1.0:
  version "3.1.0"
  resolved "https://registry.nlark.com/cli-cursor/download/cli-cursor-3.1.0.tgz?cache=0&sync_timestamp=1629771636917&other_urls=https%3A%2F%2Fregistry.nlark.com%2Fcli-cursor%2Fdownload%2Fcli-cursor-3.1.0.tgz#264305a7ae490d1d03bf0c9ba7c925d1753af307"
  integrity sha1-JkMFp65JDR0Dvwybp8kl0XU68wc=
  dependencies:
    restore-cursor "^3.1.0"

cli-progress@^3.9.1:
  version "3.9.1"
  resolved "https://registry.npmmirror.com/cli-progress/download/cli-progress-3.9.1.tgz#a22eba6a20f53289fdd05d5ee8cb2cc8c28f866e"
  integrity sha512-AXxiCe2a0Lm0VN+9L0jzmfQSkcZm5EYspfqXKaSIQKqIk+0hnkZ3/v1E9B39mkD6vYhKih3c/RPsJBSwq9O99Q==
  dependencies:
    colors "^1.1.2"
    string-width "^4.2.0"

cli-spinners@^2.5.0:
  version "2.6.1"
  resolved "https://registry.npmmirror.com/cli-spinners/download/cli-spinners-2.6.1.tgz#adc954ebe281c37a6319bfa401e6dd2488ffb70d"
  integrity sha1-rclU6+KBw3pjGb+kAebdJIj/tw0=

cli-width@^3.0.0:
  version "3.0.0"
  resolved "https://registry.nlark.com/cli-width/download/cli-width-3.0.0.tgz#a2f48437a2caa9a22436e794bf071ec9e61cedf6"
  integrity sha1-ovSEN6LKqaIkNueUvwceyeYc7fY=

clone-response@^1.0.2:
  version "1.0.2"
  resolved "https://registry.npm.taobao.org/clone-response/download/clone-response-1.0.2.tgz#d1dc973920314df67fbeb94223b4ee350239e96b"
  integrity sha1-0dyXOSAxTfZ/vrlCI7TuNQI56Ws=
  dependencies:
    mimic-response "^1.0.0"

clone@^1.0.2:
  version "1.0.4"
  resolved "https://registry.nlark.com/clone/download/clone-1.0.4.tgz#da309cc263df15994c688ca902179ca3c7cd7c7e"
  integrity sha1-2jCcwmPfFZlMaIypAheco8fNfH4=

color-convert@^2.0.1:
  version "2.0.1"
  resolved "https://registry.npmmirror.com/color-convert/download/color-convert-2.0.1.tgz#72d3a68d598c9bdb3af2ad1e84f21d896abd4de3"
  integrity sha1-ctOmjVmMm9s68q0ehPIdiWq9TeM=
  dependencies:
    color-name "~1.1.4"

color-name@~1.1.4:
  version "1.1.4"
  resolved "https://registry.npm.taobao.org/color-name/download/color-name-1.1.4.tgz#c2a09a87acbde69543de6f63fa3995c826c536a2"
  integrity sha1-wqCah6y95pVD3m9j+jmVyCbFNqI=

colorette@^2.0.16:
  version "2.0.16"
  resolved "https://registry.npmmirror.com/colorette/download/colorette-2.0.16.tgz?cache=0&sync_timestamp=1633673160250&other_urls=https%3A%2F%2Fregistry.npmmirror.com%2Fcolorette%2Fdownload%2Fcolorette-2.0.16.tgz#713b9af84fdb000139f04546bd4a93f62a5085da"
  integrity sha1-cTua+E/bAAE58EVGvUqT9ipQhdo=

colors@^1.1.2:
  version "1.4.0"
  resolved "https://registry.npm.taobao.org/colors/download/colors-1.4.0.tgz#c50491479d4c1bdaed2c9ced32cf7c7dc2360f78"
  integrity sha1-xQSRR51MG9rtLJztMs98fcI2D3g=

commander@^8.1.0:
  version "8.3.0"
  resolved "https://registry.npmmirror.com/commander/download/commander-8.3.0.tgz#4837ea1b2da67b9c616a67afbb0fafee567bca66"
  integrity sha512-OkTL9umf+He2DZkUq8f8J9of7yL6RJKI24dVITBmNfZBmri9zYZQrKkuXiKhyfPSu8tUhnVBB1iKXevvnlR4Ww==

configstore@^5.0.1:
  version "5.0.1"
  resolved "https://registry.npm.taobao.org/configstore/download/configstore-5.0.1.tgz#d365021b5df4b98cdd187d6a3b0e3f6a7cc5ed96"
  integrity sha1-02UCG130uYzdGH1qOw4/anzF7ZY=
  dependencies:
    dot-prop "^5.2.0"
    graceful-fs "^4.1.2"
    make-dir "^3.0.0"
    unique-string "^2.0.0"
    write-file-atomic "^3.0.0"
    xdg-basedir "^4.0.0"

crypto-random-string@^2.0.0:
  version "2.0.0"
  resolved "https://registry.nlark.com/crypto-random-string/download/crypto-random-string-2.0.0.tgz#ef2a7a966ec11083388369baa02ebead229b30d5"
  integrity sha1-7yp6lm7BEIM4g2m6oC6+rSKbMNU=

decompress-response@^3.3.0:
  version "3.3.0"
  resolved "https://registry.npmmirror.com/decompress-response/download/decompress-response-3.3.0.tgz#80a4dd323748384bfa248083622aedec982adff3"
  integrity sha1-gKTdMjdIOEv6JICDYirt7Jgq3/M=
  dependencies:
    mimic-response "^1.0.0"

decompress-response@^6.0.0:
  version "6.0.0"
  resolved "https://registry.npmmirror.com/decompress-response/download/decompress-response-6.0.0.tgz#ca387612ddb7e104bd16d85aab00d5ecf09c66fc"
  integrity sha1-yjh2Et234QS9FthaqwDV7PCcZvw=
  dependencies:
    mimic-response "^3.1.0"

deep-extend@^0.6.0:
  version "0.6.0"
  resolved "https://registry.nlark.com/deep-extend/download/deep-extend-0.6.0.tgz#c4fa7c95404a17a9c3e8ca7e1537312b736330ac"
  integrity sha1-xPp8lUBKF6nD6Mp+FTcxK3NjMKw=

defaults@^1.0.3:
  version "1.0.3"
  resolved "https://registry.nlark.com/defaults/download/defaults-1.0.3.tgz#c656051e9817d9ff08ed881477f3fe4019f3ef7d"
  integrity sha1-xlYFHpgX2f8I7YgUd/P+QBnz730=
  dependencies:
    clone "^1.0.2"

defer-to-connect@^1.0.1:
  version "1.1.3"
  resolved "https://registry.nlark.com/defer-to-connect/download/defer-to-connect-1.1.3.tgz#331ae050c08dcf789f8c83a7b81f0ed94f4ac591"
  integrity sha1-MxrgUMCNz3ifjIOnuB8O2U9KxZE=

defer-to-connect@^2.0.0:
  version "2.0.1"
  resolved "https://registry.nlark.com/defer-to-connect/download/defer-to-connect-2.0.1.tgz#8016bdb4143e4632b77a3449c6236277de520587"
  integrity sha1-gBa9tBQ+RjK3ejRJxiNid95SBYc=

dot-prop@^5.2.0:
  version "5.3.0"
  resolved "https://registry.npm.taobao.org/dot-prop/download/dot-prop-5.3.0.tgz?cache=0&sync_timestamp=1605778245785&other_urls=https%3A%2F%2Fregistry.npm.taobao.org%2Fdot-prop%2Fdownload%2Fdot-prop-5.3.0.tgz#90ccce708cd9cd82cc4dc8c3ddd9abdd55b20e88"
  integrity sha1-kMzOcIzZzYLMTcjD3dmr3VWyDog=
  dependencies:
    is-obj "^2.0.0"

duplexer3@^0.1.4:
  version "0.1.4"
  resolved "https://registry.npmmirror.com/duplexer3/download/duplexer3-0.1.4.tgz#ee01dd1cac0ed3cbc7fdbea37dc0a8f1ce002ce2"
  integrity sha1-7gHdHKwO08vH/b6jfcCo8c4ALOI=

emoji-regex@^8.0.0:
  version "8.0.0"
  resolved "https://registry.npmmirror.com/emoji-regex/download/emoji-regex-8.0.0.tgz?cache=0&sync_timestamp=1632751333727&other_urls=https%3A%2F%2Fregistry.npmmirror.com%2Femoji-regex%2Fdownload%2Femoji-regex-8.0.0.tgz#e818fd69ce5ccfcb404594f842963bf53164cc37"
  integrity sha1-6Bj9ac5cz8tARZT4QpY79TFkzDc=

end-of-stream@^1.1.0:
  version "1.4.4"
  resolved "https://registry.nlark.com/end-of-stream/download/end-of-stream-1.4.4.tgz#5ae64a5f45057baf3626ec14da0ca5e4b2431eb0"
  integrity sha1-WuZKX0UFe682JuwU2gyl5LJDHrA=
  dependencies:
    once "^1.4.0"

escape-goat@^2.0.0:
  version "2.1.1"
  resolved "https://registry.npm.taobao.org/escape-goat/download/escape-goat-2.1.1.tgz#1b2dc77003676c457ec760b2dc68edb648188675"
  integrity sha1-Gy3HcANnbEV+x2Cy3GjttkgYhnU=

escape-string-regexp@^1.0.5:
  version "1.0.5"
  resolved "https://registry.nlark.com/escape-string-regexp/download/escape-string-regexp-1.0.5.tgz#1b61c0562190a8dff6ae3bb2cf0200ca130b86d4"
  integrity sha1-G2HAViGQqN/2rjuyzwIAyhMLhtQ=

external-editor@^3.0.3:
  version "3.1.0"
  resolved "https://registry.nlark.com/external-editor/download/external-editor-3.1.0.tgz#cb03f740befae03ea4d283caed2741a83f335495"
  integrity sha1-ywP3QL764D6k0oPK7SdBqD8zVJU=
  dependencies:
    chardet "^0.7.0"
    iconv-lite "^0.4.24"
    tmp "^0.0.33"

figures@^3.0.0:
  version "3.2.0"
  resolved "https://registry.nlark.com/figures/download/figures-3.2.0.tgz?cache=0&other_urls=https%3A%2F%2Fregistry.nlark.com%2Ffigures%2Fdownload%2Ffigures-3.2.0.tgz#625c18bd293c604dc4a8ddb2febf0c88341746af"
  integrity sha1-YlwYvSk8YE3EqN2y/r8MiDQXRq8=
  dependencies:
    escape-string-regexp "^1.0.5"

get-stream@^4.1.0:
  version "4.1.0"
  resolved "https://registry.nlark.com/get-stream/download/get-stream-4.1.0.tgz#c1b255575f3dc21d59bfc79cd3d2b46b1c3a54b5"
  integrity sha1-wbJVV189wh1Zv8ec09K0axw6VLU=
  dependencies:
    pump "^3.0.0"

get-stream@^5.1.0:
  version "5.2.0"
  resolved "https://registry.nlark.com/get-stream/download/get-stream-5.2.0.tgz#4966a1795ee5ace65e706c4b7beb71257d6e22d3"
  integrity sha1-SWaheV7lrOZecGxLe+txJX1uItM=
  dependencies:
    pump "^3.0.0"

global-dirs@^3.0.0:
  version "3.0.0"
  resolved "https://registry.npm.taobao.org/global-dirs/download/global-dirs-3.0.0.tgz?cache=0&sync_timestamp=1610454716901&other_urls=https%3A%2F%2Fregistry.npm.taobao.org%2Fglobal-dirs%2Fdownload%2Fglobal-dirs-3.0.0.tgz#70a76fe84ea315ab37b1f5576cbde7d48ef72686"
  integrity sha1-cKdv6E6jFas3sfVXbL3n1I73JoY=
  dependencies:
    ini "2.0.0"

got@^11.8.2:
  version "11.8.3"
  resolved "https://registry.npmmirror.com/got/download/got-11.8.3.tgz#f496c8fdda5d729a90b4905d2b07dbd148170770"
  integrity sha512-7gtQ5KiPh1RtGS9/Jbv1ofDpBFuq42gyfEib+ejaRBJuj/3tQFeR5+gw57e4ipaU8c/rCjvX6fkQz2lyDlGAOg==
  dependencies:
    "@sindresorhus/is" "^4.0.0"
    "@szmarczak/http-timer" "^4.0.5"
    "@types/cacheable-request" "^6.0.1"
    "@types/responselike" "^1.0.0"
    cacheable-lookup "^5.0.3"
    cacheable-request "^7.0.2"
    decompress-response "^6.0.0"
    http2-wrapper "^1.0.0-beta.5.2"
    lowercase-keys "^2.0.0"
    p-cancelable "^2.0.0"
    responselike "^2.0.0"

got@^9.6.0:
  version "9.6.0"
  resolved "https://registry.npmmirror.com/got/download/got-9.6.0.tgz#edf45e7d67f99545705de1f7bbeeeb121765ed85"
  integrity sha1-7fRefWf5lUVwXeH3u+7rEhdl7YU=
  dependencies:
    "@sindresorhus/is" "^0.14.0"
    "@szmarczak/http-timer" "^1.1.2"
    cacheable-request "^6.0.0"
    decompress-response "^3.3.0"
    duplexer3 "^0.1.4"
    get-stream "^4.1.0"
    lowercase-keys "^1.0.1"
    mimic-response "^1.0.1"
    p-cancelable "^1.0.0"
    to-readable-stream "^1.0.0"
    url-parse-lax "^3.0.0"

graceful-fs@^4.1.2:
  version "4.2.9"
  resolved "https://registry.npmmirror.com/graceful-fs/download/graceful-fs-4.2.9.tgz#041b05df45755e587a24942279b9d113146e1c96"
  integrity sha512-NtNxqUcXgpW2iMrfqSfR73Glt39K+BLwWsPs94yR63v45T0Wbej7eRmL5cWfwEgqXnmjQp3zaJTshdRW/qC2ZQ==

has-flag@^4.0.0:
  version "4.0.0"
  resolved "https://registry.nlark.com/has-flag/download/has-flag-4.0.0.tgz?cache=0&sync_timestamp=1626715907927&other_urls=https%3A%2F%2Fregistry.nlark.com%2Fhas-flag%2Fdownload%2Fhas-flag-4.0.0.tgz#944771fd9c81c81265c4d6941860da06bb59479b"
  integrity sha1-lEdx/ZyByBJlxNaUGGDaBrtZR5s=

has-yarn@^2.1.0:
  version "2.1.0"
  resolved "https://registry.nlark.com/has-yarn/download/has-yarn-2.1.0.tgz?cache=0&sync_timestamp=1631299286113&other_urls=https%3A%2F%2Fregistry.nlark.com%2Fhas-yarn%2Fdownload%2Fhas-yarn-2.1.0.tgz#137e11354a7b5bf11aa5cb649cf0c6f3ff2b2e77"
  integrity sha1-E34RNUp7W/EapctknPDG8/8rLnc=

http-cache-semantics@^4.0.0:
  version "4.1.0"
  resolved "https://registry.nlark.com/http-cache-semantics/download/http-cache-semantics-4.1.0.tgz#49e91c5cbf36c9b94bcfcd71c23d5249ec74e390"
  integrity sha1-SekcXL82yblLz81xwj1SSex045A=

http2-wrapper@^1.0.0-beta.5.2:
  version "1.0.3"
  resolved "https://registry.npmmirror.com/http2-wrapper/download/http2-wrapper-1.0.3.tgz#b8f55e0c1f25d4ebd08b3b0c2c079f9590800b3d"
  integrity sha1-uPVeDB8l1OvQizsMLAeflZCACz0=
  dependencies:
    quick-lru "^5.1.1"
    resolve-alpn "^1.0.0"

iconv-lite@^0.4.24:
  version "0.4.24"
  resolved "https://registry.nlark.com/iconv-lite/download/iconv-lite-0.4.24.tgz#2022b4b25fbddc21d2f524974a474aafe733908b"
  integrity sha1-ICK0sl+93CHS9SSXSkdKr+czkIs=
  dependencies:
    safer-buffer ">= 2.1.2 < 3"

ieee754@^1.1.13:
  version "1.2.1"
  resolved "https://registry.nlark.com/ieee754/download/ieee754-1.2.1.tgz#8eb7a10a63fff25d15a57b001586d177d1b0d352"
  integrity sha1-jrehCmP/8l0VpXsAFYbRd9Gw01I=

import-lazy@^2.1.0:
  version "2.1.0"
  resolved "https://registry.npm.taobao.org/import-lazy/download/import-lazy-2.1.0.tgz#05698e3d45c88e8d7e9d92cb0584e77f096f3e43"
  integrity sha1-BWmOPUXIjo1+nZLLBYTnfwlvPkM=

imurmurhash@^0.1.4:
  version "0.1.4"
  resolved "https://registry.nlark.com/imurmurhash/download/imurmurhash-0.1.4.tgz#9218b9b2b928a238b13dc4fb6b6d576f231453ea"
  integrity sha1-khi5srkoojixPcT7a21XbyMUU+o=

inherits@^2.0.3, inherits@^2.0.4:
  version "2.0.4"
  resolved "https://registry.npm.taobao.org/inherits/download/inherits-2.0.4.tgz#0fa2c64f932917c3433a0ded55363aae37416b7c"
  integrity sha1-D6LGT5MpF8NDOg3tVTY6rjdBa3w=

ini@2.0.0:
  version "2.0.0"
  resolved "https://registry.nlark.com/ini/download/ini-2.0.0.tgz#e5fd556ecdd5726be978fa1001862eacb0a94bc5"
  integrity sha1-5f1Vbs3VcmvpePoQAYYurLCpS8U=

ini@~1.3.0:
  version "1.3.8"
  resolved "https://registry.nlark.com/ini/download/ini-1.3.8.tgz#a29da425b48806f34767a4efce397269af28432c"
  integrity sha1-op2kJbSIBvNHZ6Tvzjlyaa8oQyw=

inquirer@^8.2.0:
  version "8.2.0"
  resolved "https://registry.npmmirror.com/inquirer/download/inquirer-8.2.0.tgz#f44f008dd344bbfc4b30031f45d984e034a3ac3a"
  integrity sha512-0crLweprevJ02tTuA6ThpoAERAGyVILC4sS74uib58Xf/zSr1/ZWtmm7D5CI+bSQEaA04f0K7idaHpQbSWgiVQ==
  dependencies:
    ansi-escapes "^4.2.1"
    chalk "^4.1.1"
    cli-cursor "^3.1.0"
    cli-width "^3.0.0"
    external-editor "^3.0.3"
    figures "^3.0.0"
    lodash "^4.17.21"
    mute-stream "0.0.8"
    ora "^5.4.1"
    run-async "^2.4.0"
    rxjs "^7.2.0"
    string-width "^4.1.0"
    strip-ansi "^6.0.0"
    through "^2.3.6"

is-ci@^2.0.0:
  version "2.0.0"
  resolved "https://registry.npmmirror.com/is-ci/download/is-ci-2.0.0.tgz?cache=0&sync_timestamp=1635261114993&other_urls=https%3A%2F%2Fregistry.npmmirror.com%2Fis-ci%2Fdownload%2Fis-ci-2.0.0.tgz#6bc6334181810e04b5c22b3d589fdca55026404c"
  integrity sha1-a8YzQYGBDgS1wis9WJ/cpVAmQEw=
  dependencies:
    ci-info "^2.0.0"

is-fullwidth-code-point@^3.0.0:
  version "3.0.0"
  resolved "https://registry.nlark.com/is-fullwidth-code-point/download/is-fullwidth-code-point-3.0.0.tgz#f116f8064fe90b3f7844a38997c0b75051269f1d"
  integrity sha1-8Rb4Bk/pCz94RKOJl8C3UFEmnx0=

is-installed-globally@^0.4.0:
  version "0.4.0"
  resolved "https://registry.npm.taobao.org/is-installed-globally/download/is-installed-globally-0.4.0.tgz?cache=0&sync_timestamp=1610875398433&other_urls=https%3A%2F%2Fregistry.npm.taobao.org%2Fis-installed-globally%2Fdownload%2Fis-installed-globally-0.4.0.tgz#9a0fd407949c30f86eb6959ef1b7994ed0b7b520"
  integrity sha1-mg/UB5ScMPhutpWe8beZTtC3tSA=
  dependencies:
    global-dirs "^3.0.0"
    is-path-inside "^3.0.2"

is-interactive@^1.0.0:
  version "1.0.0"
  resolved "https://registry.nlark.com/is-interactive/download/is-interactive-1.0.0.tgz#cea6e6ae5c870a7b0a0004070b7b587e0252912e"
  integrity sha1-zqbmrlyHCnsKAAQHC3tYfgJSkS4=

is-npm@^5.0.0:
  version "5.0.0"
  resolved "https://registry.nlark.com/is-npm/download/is-npm-5.0.0.tgz#43e8d65cc56e1b67f8d47262cf667099193f45a8"
  integrity sha1-Q+jWXMVuG2f41HJiz2ZwmRk/Rag=

is-obj@^2.0.0:
  version "2.0.0"
  resolved "https://registry.nlark.com/is-obj/download/is-obj-2.0.0.tgz#473fb05d973705e3fd9620545018ca8e22ef4982"
  integrity sha1-Rz+wXZc3BeP9liBUUBjKjiLvSYI=

is-path-inside@^3.0.2:
  version "3.0.3"
  resolved "https://registry.nlark.com/is-path-inside/download/is-path-inside-3.0.3.tgz?cache=0&sync_timestamp=1620046845369&other_urls=https%3A%2F%2Fregistry.nlark.com%2Fis-path-inside%2Fdownload%2Fis-path-inside-3.0.3.tgz#d231362e53a07ff2b0e0ea7fed049161ffd16283"
  integrity sha1-0jE2LlOgf/Kw4Op/7QSRYf/RYoM=

is-typedarray@^1.0.0:
  version "1.0.0"
  resolved "https://registry.npm.taobao.org/is-typedarray/download/is-typedarray-1.0.0.tgz#e479c80858df0c1b11ddda6940f96011fcda4a9a"
  integrity sha1-5HnICFjfDBsR3dppQPlgEfzaSpo=

is-unicode-supported@^0.1.0:
  version "0.1.0"
  resolved "https://registry.nlark.com/is-unicode-supported/download/is-unicode-supported-0.1.0.tgz?cache=0&sync_timestamp=1625294010675&other_urls=https%3A%2F%2Fregistry.nlark.com%2Fis-unicode-supported%2Fdownload%2Fis-unicode-supported-0.1.0.tgz#3f26c76a809593b52bfa2ecb5710ed2779b522a7"
  integrity sha1-PybHaoCVk7Ur+i7LVxDtJ3m1Iqc=

is-yarn-global@^0.3.0:
  version "0.3.0"
  resolved "https://registry.nlark.com/is-yarn-global/download/is-yarn-global-0.3.0.tgz?cache=0&sync_timestamp=1619356824740&other_urls=https%3A%2F%2Fregistry.nlark.com%2Fis-yarn-global%2Fdownload%2Fis-yarn-global-0.3.0.tgz#d502d3382590ea3004893746754c89139973e232"
  integrity sha1-1QLTOCWQ6jAEiTdGdUyJE5lz4jI=

json-buffer@3.0.0:
  version "3.0.0"
  resolved "https://registry.npm.taobao.org/json-buffer/download/json-buffer-3.0.0.tgz#5b1f397afc75d677bde8bcfc0e47e1f9a3d9a898"
  integrity sha1-Wx85evx11ne96Lz8Dkfh+aPZqJg=

json-buffer@3.0.1:
  version "3.0.1"
  resolved "https://registry.npm.taobao.org/json-buffer/download/json-buffer-3.0.1.tgz#9338802a30d3b6605fbe0613e094008ca8c05a13"
  integrity sha1-kziAKjDTtmBfvgYT4JQAjKjAWhM=

keyv@^3.0.0:
  version "3.1.0"
  resolved "https://registry.npmmirror.com/keyv/download/keyv-3.1.0.tgz#ecc228486f69991e49e9476485a5be1e8fc5c4d9"
  integrity sha1-7MIoSG9pmR5J6UdkhaW+Ho/FxNk=
  dependencies:
    json-buffer "3.0.0"

keyv@^4.0.0:
  version "4.0.4"
  resolved "https://registry.npmmirror.com/keyv/download/keyv-4.0.4.tgz#f040b236ea2b06ed15ed86fbef8407e1a1c8e376"
  integrity sha1-8ECyNuorBu0V7Yb774QH4aHI43Y=
  dependencies:
    json-buffer "3.0.1"

latest-version@^5.1.0:
  version "5.1.0"
  resolved "https://registry.nlark.com/latest-version/download/latest-version-5.1.0.tgz?cache=0&sync_timestamp=1626951682795&other_urls=https%3A%2F%2Fregistry.nlark.com%2Flatest-version%2Fdownload%2Flatest-version-5.1.0.tgz#119dfe908fe38d15dfa43ecd13fa12ec8832face"
  integrity sha1-EZ3+kI/jjRXfpD7NE/oS7Igy+s4=
  dependencies:
    package-json "^6.3.0"

lodash@^4.17.21:
  version "4.17.21"
  resolved "https://registry.npmmirror.com/lodash/download/lodash-4.17.21.tgz#679591c564c3bffaae8454cf0b3df370c3d6911c"
  integrity sha512-v2kDEe57lecTulaDIuNTPy3Ry4gLGJ6Z1O3vE1krgXZNrsQ+LFTGHVxVjcXPs17LhbZVGedAJv8XZ1tvj5FvSg==

log-symbols@^4.1.0:
  version "4.1.0"
  resolved "https://registry.npmmirror.com/log-symbols/download/log-symbols-4.1.0.tgz#3fbdbb95b4683ac9fc785111e792e558d4abd503"
  integrity sha1-P727lbRoOsn8eFER55LlWNSr1QM=
  dependencies:
    chalk "^4.1.0"
    is-unicode-supported "^0.1.0"

lowercase-keys@^1.0.0, lowercase-keys@^1.0.1:
  version "1.0.1"
  resolved "https://registry.npmmirror.com/lowercase-keys/download/lowercase-keys-1.0.1.tgz#6f9e30b47084d971a7c820ff15a6c5167b74c26f"
  integrity sha1-b54wtHCE2XGnyCD/FabFFnt0wm8=

lowercase-keys@^2.0.0:
  version "2.0.0"
  resolved "https://registry.npmmirror.com/lowercase-keys/download/lowercase-keys-2.0.0.tgz#2603e78b7b4b0006cbca2fbcc8a3202558ac9479"
  integrity sha1-JgPni3tLAAbLyi+8yKMgJVislHk=

lru-cache@^6.0.0:
  version "6.0.0"
  resolved "https://registry.npm.taobao.org/lru-cache/download/lru-cache-6.0.0.tgz#6d6fe6570ebd96aaf90fcad1dafa3b2566db3a94"
  integrity sha1-bW/mVw69lqr5D8rR2vo7JWbbOpQ=
  dependencies:
    yallist "^4.0.0"

make-dir@^3.0.0:
  version "3.1.0"
  resolved "https://registry.nlark.com/make-dir/download/make-dir-3.1.0.tgz#415e967046b3a7f1d185277d84aa58203726a13f"
  integrity sha1-QV6WcEazp/HRhSd9hKpYIDcmoT8=
  dependencies:
    semver "^6.0.0"

mimic-fn@^2.1.0:
  version "2.1.0"
  resolved "https://registry.nlark.com/mimic-fn/download/mimic-fn-2.1.0.tgz#7ed2c2ccccaf84d3ffcb7a69b57711fc2083401b"
  integrity sha1-ftLCzMyvhNP/y3pptXcR/CCDQBs=

mimic-response@^1.0.0, mimic-response@^1.0.1:
  version "1.0.1"
  resolved "https://registry.nlark.com/mimic-response/download/mimic-response-1.0.1.tgz?cache=0&sync_timestamp=1628692524926&other_urls=https%3A%2F%2Fregistry.nlark.com%2Fmimic-response%2Fdownload%2Fmimic-response-1.0.1.tgz#4923538878eef42063cb8a3e3b0798781487ab1b"
  integrity sha1-SSNTiHju9CBjy4o+OweYeBSHqxs=

mimic-response@^3.1.0:
  version "3.1.0"
  resolved "https://registry.nlark.com/mimic-response/download/mimic-response-3.1.0.tgz?cache=0&sync_timestamp=1628692524926&other_urls=https%3A%2F%2Fregistry.nlark.com%2Fmimic-response%2Fdownload%2Fmimic-response-3.1.0.tgz#2d1d59af9c1b129815accc2c46a022a5ce1fa3c9"
  integrity sha1-LR1Zr5wbEpgVrMwsRqAipc4fo8k=

minimist@^1.2.0:
  version "1.2.5"
  resolved "https://registry.npm.taobao.org/minimist/download/minimist-1.2.5.tgz#67d66014b66a6a8aaa0c083c5fd58df4e4e97602"
  integrity sha1-Z9ZgFLZqaoqqDAg8X9WN9OTpdgI=

mute-stream@0.0.8:
  version "0.0.8"
  resolved "https://registry.npm.taobao.org/mute-stream/download/mute-stream-0.0.8.tgz#1630c42b2251ff81e2a283de96a5497ea92e5e0d"
  integrity sha1-FjDEKyJR/4HiooPelqVJfqkuXg0=

normalize-url@^4.1.0:
  version "4.5.1"
  resolved "https://registry.nlark.com/normalize-url/download/normalize-url-4.5.1.tgz#0dd90cf1288ee1d1313b87081c9a5932ee48518a"
  integrity sha1-DdkM8SiO4dExO4cIHJpZMu5IUYo=

normalize-url@^6.0.1:
  version "6.1.0"
  resolved "https://registry.nlark.com/normalize-url/download/normalize-url-6.1.0.tgz#40d0885b535deffe3f3147bec877d05fe4c5668a"
  integrity sha1-QNCIW1Nd7/4/MUe+yHfQX+TFZoo=

once@^1.3.1, once@^1.4.0:
  version "1.4.0"
  resolved "https://registry.nlark.com/once/download/once-1.4.0.tgz#583b1aa775961d4b113ac17d9c50baef9dd76bd1"
  integrity sha1-WDsap3WWHUsROsF9nFC6753Xa9E=
  dependencies:
    wrappy "1"

onetime@^5.1.0:
  version "5.1.2"
  resolved "https://registry.nlark.com/onetime/download/onetime-5.1.2.tgz#d0e96ebb56b07476df1dd9c4806e5237985ca45e"
  integrity sha1-0Oluu1awdHbfHdnEgG5SN5hcpF4=
  dependencies:
    mimic-fn "^2.1.0"

ora@^5.4.1:
  version "5.4.1"
  resolved "https://registry.nlark.com/ora/download/ora-5.4.1.tgz?cache=0&sync_timestamp=1631556513877&other_urls=https%3A%2F%2Fregistry.nlark.com%2Fora%2Fdownload%2Fora-5.4.1.tgz#1b2678426af4ac4a509008e5e4ac9e9959db9e18"
  integrity sha1-GyZ4Qmr0rEpQkAjl5KyemVnbnhg=
  dependencies:
    bl "^4.1.0"
    chalk "^4.1.0"
    cli-cursor "^3.1.0"
    cli-spinners "^2.5.0"
    is-interactive "^1.0.0"
    is-unicode-supported "^0.1.0"
    log-symbols "^4.1.0"
    strip-ansi "^6.0.0"
    wcwidth "^1.0.1"

os-tmpdir@~1.0.2:
  version "1.0.2"
  resolved "https://registry.nlark.com/os-tmpdir/download/os-tmpdir-1.0.2.tgz#bbe67406c79aa85c5cfec766fe5734555dfa1274"
  integrity sha1-u+Z0BseaqFxc/sdm/lc0VV36EnQ=

p-cancelable@^1.0.0:
  version "1.1.0"
  resolved "https://registry.nlark.com/p-cancelable/download/p-cancelable-1.1.0.tgz#d078d15a3af409220c886f1d9a0ca2e441ab26cc"
  integrity sha1-0HjRWjr0CSIMiG8dmgyi5EGrJsw=

p-cancelable@^2.0.0:
  version "2.1.1"
  resolved "https://registry.nlark.com/p-cancelable/download/p-cancelable-2.1.1.tgz#aab7fbd416582fa32a3db49859c122487c5ed2cf"
  integrity sha1-qrf71BZYL6MqPbSYWcEiSHxe0s8=

package-json@^6.3.0:
  version "6.5.0"
  resolved "https://registry.nlark.com/package-json/download/package-json-6.5.0.tgz#6feedaca35e75725876d0b0e64974697fed145b0"
  integrity sha1-b+7ayjXnVyWHbQsOZJdGl/7RRbA=
  dependencies:
    got "^9.6.0"
    registry-auth-token "^4.0.0"
    registry-url "^5.0.0"
    semver "^6.2.0"

prepend-http@^2.0.0:
  version "2.0.0"
  resolved "https://registry.nlark.com/prepend-http/download/prepend-http-2.0.0.tgz#e92434bfa5ea8c19f41cdfd401d741a3c819d897"
  integrity sha1-6SQ0v6XqjBn0HN/UAddBo8gZ2Jc=

prettier@^2.4.1:
  version "2.5.1"
  resolved "https://registry.npmmirror.com/prettier/download/prettier-2.5.1.tgz#fff75fa9d519c54cf0fce328c1017d94546bc56a"
  integrity sha512-vBZcPRUR5MZJwoyi3ZoyQlc1rXeEck8KgeC9AwwOn+exuxLxq5toTRDTSaVrXHxelDMHy9zlicw8u66yxoSUFg==

pump@^3.0.0:
  version "3.0.0"
  resolved "https://registry.nlark.com/pump/download/pump-3.0.0.tgz#b4a2116815bde2f4e1ea602354e8c75565107a64"
  integrity sha1-tKIRaBW94vTh6mAjVOjHVWUQemQ=
  dependencies:
    end-of-stream "^1.1.0"
    once "^1.3.1"

pupa@^2.1.1:
  version "2.1.1"
  resolved "https://registry.nlark.com/pupa/download/pupa-2.1.1.tgz#f5e8fd4afc2c5d97828faa523549ed8744a20d62"
  integrity sha1-9ej9SvwsXZeCj6pSNUnth0SiDWI=
  dependencies:
    escape-goat "^2.0.0"

quick-lru@^5.1.1:
  version "5.1.1"
  resolved "https://registry.npmmirror.com/quick-lru/download/quick-lru-5.1.1.tgz#366493e6b3e42a3a6885e2e99d18f80fb7a8c932"
  integrity sha1-NmST5rPkKjpoheLpnRj4D7eoyTI=

rc@^1.2.8:
  version "1.2.8"
  resolved "https://registry.nlark.com/rc/download/rc-1.2.8.tgz#cd924bf5200a075b83c188cd6b9e211b7fc0d3ed"
  integrity sha1-zZJL9SAKB1uDwYjNa54hG3/A0+0=
  dependencies:
    deep-extend "^0.6.0"
    ini "~1.3.0"
    minimist "^1.2.0"
    strip-json-comments "~2.0.1"

readable-stream@^3.4.0:
  version "3.6.0"
  resolved "https://registry.nlark.com/readable-stream/download/readable-stream-3.6.0.tgz#337bbda3adc0706bd3e024426a286d4b4b2c9198"
  integrity sha1-M3u9o63AcGvT4CRCaihtS0sskZg=
  dependencies:
    inherits "^2.0.3"
    string_decoder "^1.1.1"
    util-deprecate "^1.0.1"

registry-auth-token@^4.0.0:
  version "4.2.1"
  resolved "https://registry.npm.taobao.org/registry-auth-token/download/registry-auth-token-4.2.1.tgz#6d7b4006441918972ccd5fedcd41dc322c79b250"
  integrity sha1-bXtABkQZGJcszV/tzUHcMix5slA=
  dependencies:
    rc "^1.2.8"

registry-url@^5.0.0:
  version "5.1.0"
  resolved "https://registry.npm.taobao.org/registry-url/download/registry-url-5.1.0.tgz?cache=0&sync_timestamp=1618681893788&other_urls=https%3A%2F%2Fregistry.npm.taobao.org%2Fregistry-url%2Fdownload%2Fregistry-url-5.1.0.tgz#e98334b50d5434b81136b44ec638d9c2009c5009"
  integrity sha1-6YM0tQ1UNLgRNrROxjjZwgCcUAk=
  dependencies:
    rc "^1.2.8"

resolve-alpn@^1.0.0:
  version "1.2.1"
  resolved "https://registry.nlark.com/resolve-alpn/download/resolve-alpn-1.2.1.tgz#b7adbdac3546aaaec20b45e7d8265927072726f9"
  integrity sha1-t629rDVGqq7CC0Xn2CZZJwcnJvk=

responselike@^1.0.2:
  version "1.0.2"
  resolved "https://registry.npm.taobao.org/responselike/download/responselike-1.0.2.tgz#918720ef3b631c5642be068f15ade5a46f4ba1e7"
  integrity sha1-kYcg7ztjHFZCvgaPFa3lpG9Loec=
  dependencies:
    lowercase-keys "^1.0.0"

responselike@^2.0.0:
  version "2.0.0"
  resolved "https://registry.npm.taobao.org/responselike/download/responselike-2.0.0.tgz#26391bcc3174f750f9a79eacc40a12a5c42d7723"
  integrity sha1-JjkbzDF091D5p56sxAoSpcQtdyM=
  dependencies:
    lowercase-keys "^2.0.0"

restore-cursor@^3.1.0:
  version "3.1.0"
  resolved "https://registry.nlark.com/restore-cursor/download/restore-cursor-3.1.0.tgz#39f67c54b3a7a58cea5236d95cf0034239631f7e"
  integrity sha1-OfZ8VLOnpYzqUjbZXPADQjljH34=
  dependencies:
    onetime "^5.1.0"
    signal-exit "^3.0.2"

run-async@^2.4.0:
  version "2.4.1"
  resolved "https://registry.npm.taobao.org/run-async/download/run-async-2.4.1.tgz#8440eccf99ea3e70bd409d49aab88e10c189a455"
  integrity sha1-hEDsz5nqPnC9QJ1JqriOEMGJpFU=

rxjs@^7.2.0:
  version "7.5.1"
  resolved "https://registry.npmmirror.com/rxjs/download/rxjs-7.5.1.tgz#af73df343cbcab37628197f43ea0c8256f54b157"
  integrity sha512-KExVEeZWxMZnZhUZtsJcFwz8IvPvgu4G2Z2QyqjZQzUGr32KDYuSxrEYO4w3tFFNbfLozcrKUTvTPi+E9ywJkQ==
  dependencies:
    tslib "^2.1.0"

safe-buffer@~5.2.0:
  version "5.2.1"
  resolved "https://registry.nlark.com/safe-buffer/download/safe-buffer-5.2.1.tgz#1eaf9fa9bdb1fdd4ec75f58f9cdb4e6b7827eec6"
  integrity sha1-Hq+fqb2x/dTsdfWPnNtOa3gn7sY=

"safer-buffer@>= 2.1.2 < 3":
  version "2.1.2"
  resolved "https://registry.nlark.com/safer-buffer/download/safer-buffer-2.1.2.tgz#44fa161b0187b9549dd84bb91802f9bd8385cd6a"
  integrity sha1-RPoWGwGHuVSd2Eu5GAL5vYOFzWo=

semver-diff@^3.1.1:
  version "3.1.1"
  resolved "https://registry.nlark.com/semver-diff/download/semver-diff-3.1.1.tgz?cache=0&sync_timestamp=1620044887257&other_urls=https%3A%2F%2Fregistry.nlark.com%2Fsemver-diff%2Fdownload%2Fsemver-diff-3.1.1.tgz#05f77ce59f325e00e2706afd67bb506ddb1ca32b"
  integrity sha1-Bfd85Z8yXgDicGr9Z7tQbdscoys=
  dependencies:
    semver "^6.3.0"

semver@^6.0.0, semver@^6.2.0, semver@^6.3.0:
  version "6.3.0"
  resolved "https://registry.nlark.com/semver/download/semver-6.3.0.tgz?cache=0&sync_timestamp=1618846864940&other_urls=https%3A%2F%2Fregistry.nlark.com%2Fsemver%2Fdownload%2Fsemver-6.3.0.tgz#ee0a64c8af5e8ceea67687b133761e1becbd1d3d"
  integrity sha1-7gpkyK9ejO6mdoexM3YeG+y9HT0=

semver@^7.3.4:
  version "7.3.5"
  resolved "https://registry.nlark.com/semver/download/semver-7.3.5.tgz?cache=0&sync_timestamp=1618846864940&other_urls=https%3A%2F%2Fregistry.nlark.com%2Fsemver%2Fdownload%2Fsemver-7.3.5.tgz#0b621c879348d8998e4b0e4be94b3f12e6018ef7"
  integrity sha1-C2Ich5NI2JmOSw5L6Us/EuYBjvc=
  dependencies:
    lru-cache "^6.0.0"

signal-exit@^3.0.2:
  version "3.0.6"
  resolved "https://registry.npmmirror.com/signal-exit/download/signal-exit-3.0.6.tgz#24e630c4b0f03fea446a2bd299e62b4a6ca8d0af"
  integrity sha512-sDl4qMFpijcGw22U5w63KmD3cZJfBuFlVNbVMKje2keoKML7X2UzWbc4XrmEbDwg0NXJc3yv4/ox7b+JWb57kQ==

string-width@^4.0.0, string-width@^4.1.0, string-width@^4.2.0, string-width@^4.2.2:
  version "4.2.3"
  resolved "https://registry.npmmirror.com/string-width/download/string-width-4.2.3.tgz?cache=0&sync_timestamp=1632421309919&other_urls=https%3A%2F%2Fregistry.npmmirror.com%2Fstring-width%2Fdownload%2Fstring-width-4.2.3.tgz#269c7117d27b05ad2e536830a8ec895ef9c6d010"
  integrity sha1-JpxxF9J7Ba0uU2gwqOyJXvnG0BA=
  dependencies:
    emoji-regex "^8.0.0"
    is-fullwidth-code-point "^3.0.0"
    strip-ansi "^6.0.1"

string_decoder@^1.1.1:
  version "1.3.0"
  resolved "https://registry.nlark.com/string_decoder/download/string_decoder-1.3.0.tgz#42f114594a46cf1a8e30b0a84f56c78c3edac21e"
  integrity sha1-QvEUWUpGzxqOMLCoT1bHjD7awh4=
  dependencies:
    safe-buffer "~5.2.0"

strip-ansi@^6.0.0, strip-ansi@^6.0.1:
  version "6.0.1"
  resolved "https://registry.npmmirror.com/strip-ansi/download/strip-ansi-6.0.1.tgz#9e26c63d30f53443e9489495b2105d37b67a85d9"
  integrity sha1-nibGPTD1NEPpSJSVshBdN7Z6hdk=
  dependencies:
    ansi-regex "^5.0.1"

strip-json-comments@~2.0.1:
  version "2.0.1"
  resolved "https://registry.nlark.com/strip-json-comments/download/strip-json-comments-2.0.1.tgz#3c531942e908c2697c0ec344858c286c7ca0a60a"
  integrity sha1-PFMZQukIwml8DsNEhYwobHygpgo=

supports-color@^7.1.0:
  version "7.2.0"
  resolved "https://registry.npmmirror.com/supports-color/download/supports-color-7.2.0.tgz#1b7dcdcb32b8138801b3e478ba6a51caa89648da"
  integrity sha1-G33NyzK4E4gBs+R4umpRyqiWSNo=
  dependencies:
    has-flag "^4.0.0"

through@^2.3.6:
  version "2.3.8"
  resolved "https://registry.nlark.com/through/download/through-2.3.8.tgz?cache=0&sync_timestamp=1618847037651&other_urls=https%3A%2F%2Fregistry.nlark.com%2Fthrough%2Fdownload%2Fthrough-2.3.8.tgz#0dd4c9ffaabc357960b1b724115d7e0e86a2e1f5"
  integrity sha1-DdTJ/6q8NXlgsbckEV1+Doai4fU=

tmp@^0.0.33:
  version "0.0.33"
  resolved "https://registry.nlark.com/tmp/download/tmp-0.0.33.tgz#6d34335889768d21b2bcda0aa277ced3b1bfadf9"
  integrity sha1-bTQzWIl2jSGyvNoKonfO07G/rfk=
  dependencies:
    os-tmpdir "~1.0.2"

to-readable-stream@^1.0.0:
  version "1.0.0"
  resolved "https://registry.nlark.com/to-readable-stream/download/to-readable-stream-1.0.0.tgz#ce0aa0c2f3df6adf852efb404a783e77c0475771"
  integrity sha1-zgqgwvPfat+FLvtASng+d8BHV3E=

tslib@^2.1.0:
  version "2.3.1"
  resolved "https://registry.npmmirror.com/tslib/download/tslib-2.3.1.tgz#e8a335add5ceae51aa261d32a490158ef042ef01"
  integrity sha512-77EbyPPpMz+FRFRuAFlWMtmgUWGe9UOG2Z25NqCwiIjRhOf5iKGuzSe5P2w1laq+FkRy4p+PCuVkJSGkzTEKVw==

type-fest@^0.20.2:
  version "0.20.2"
  resolved "https://registry.npmmirror.com/type-fest/download/type-fest-0.20.2.tgz#1bf207f4b28f91583666cb5fbd327887301cd5f4"
  integrity sha1-G/IH9LKPkVg2ZstfvTJ4hzAc1fQ=

type-fest@^0.21.3:
  version "0.21.3"
  resolved "https://registry.npmmirror.com/type-fest/download/type-fest-0.21.3.tgz#d260a24b0198436e133fa26a524a6d65fa3b2e37"
  integrity sha1-0mCiSwGYQ24TP6JqUkptZfo7Ljc=

typedarray-to-buffer@^3.1.5:
  version "3.1.5"
  resolved "https://registry.npm.taobao.org/typedarray-to-buffer/download/typedarray-to-buffer-3.1.5.tgz#a97ee7a9ff42691b9f783ff1bc5112fe3fca9080"
  integrity sha1-qX7nqf9CaRufeD/xvFES/j/KkIA=
  dependencies:
    is-typedarray "^1.0.0"

unique-string@^2.0.0:
  version "2.0.0"
  resolved "https://registry.nlark.com/unique-string/download/unique-string-2.0.0.tgz#39c6451f81afb2749de2b233e3f7c5e8843bd89d"
  integrity sha1-OcZFH4GvsnSd4rIz4/fF6IQ72J0=
  dependencies:
    crypto-random-string "^2.0.0"

update-notifier@^5.1.0:
  version "5.1.0"
  resolved "https://registry.npm.taobao.org/update-notifier/download/update-notifier-5.1.0.tgz#4ab0d7c7f36a231dd7316cf7729313f0214d9ad9"
  integrity sha1-SrDXx/NqIx3XMWz3cpMT8CFNmtk=
  dependencies:
    boxen "^5.0.0"
    chalk "^4.1.0"
    configstore "^5.0.1"
    has-yarn "^2.1.0"
    import-lazy "^2.1.0"
    is-ci "^2.0.0"
    is-installed-globally "^0.4.0"
    is-npm "^5.0.0"
    is-yarn-global "^0.3.0"
    latest-version "^5.1.0"
    pupa "^2.1.1"
    semver "^7.3.4"
    semver-diff "^3.1.1"
    xdg-basedir "^4.0.0"

url-parse-lax@^3.0.0:
  version "3.0.0"
  resolved "https://registry.nlark.com/url-parse-lax/download/url-parse-lax-3.0.0.tgz?cache=0&sync_timestamp=1628548236896&other_urls=https%3A%2F%2Fregistry.nlark.com%2Furl-parse-lax%2Fdownload%2Furl-parse-lax-3.0.0.tgz#16b5cafc07dbe3676c1b1999177823d6503acb0c"
  integrity sha1-FrXK/Afb42dsGxmZF3gj1lA6yww=
  dependencies:
    prepend-http "^2.0.0"

util-deprecate@^1.0.1:
  version "1.0.2"
  resolved "https://registry.npm.taobao.org/util-deprecate/download/util-deprecate-1.0.2.tgz#450d4dc9fa70de732762fbd2d4a28981419a0ccf"
  integrity sha1-RQ1Nyfpw3nMnYvvS1KKJgUGaDM8=

wcwidth@^1.0.1:
  version "1.0.1"
  resolved "https://registry.nlark.com/wcwidth/download/wcwidth-1.0.1.tgz#f0b0dcf915bc5ff1528afadb2c0e17b532da2fe8"
  integrity sha1-8LDc+RW8X/FSivrbLA4XtTLaL+g=
  dependencies:
    defaults "^1.0.3"

widest-line@^3.1.0:
  version "3.1.0"
  resolved "https://registry.npmmirror.com/widest-line/download/widest-line-3.1.0.tgz#8292333bbf66cb45ff0de1603b136b7ae1496eca"
  integrity sha1-gpIzO79my0X/DeFgOxNreuFJbso=
  dependencies:
    string-width "^4.0.0"

wrap-ansi@^7.0.0:
  version "7.0.0"
  resolved "https://registry.nlark.com/wrap-ansi/download/wrap-ansi-7.0.0.tgz?cache=0&other_urls=https%3A%2F%2Fregistry.nlark.com%2Fwrap-ansi%2Fdownload%2Fwrap-ansi-7.0.0.tgz#67e145cff510a6a6984bdf1152911d69d2eb9e43"
  integrity sha1-Z+FFz/UQpqaYS98RUpEdadLrnkM=
  dependencies:
    ansi-styles "^4.0.0"
    string-width "^4.1.0"
    strip-ansi "^6.0.0"

wrappy@1:
  version "1.0.2"
  resolved "https://registry.nlark.com/wrappy/download/wrappy-1.0.2.tgz?cache=0&sync_timestamp=1619133505879&other_urls=https%3A%2F%2Fregistry.nlark.com%2Fwrappy%2Fdownload%2Fwrappy-1.0.2.tgz#b5243d8f3ec1aa35f1364605bc0d1036e30ab69f"
  integrity sha1-tSQ9jz7BqjXxNkYFvA0QNuMKtp8=

write-file-atomic@^3.0.0:
  version "3.0.3"
  resolved "https://registry.npm.taobao.org/write-file-atomic/download/write-file-atomic-3.0.3.tgz#56bd5c5a5c70481cd19c571bd39ab965a5de56e8"
  integrity sha1-Vr1cWlxwSBzRnFcb05q5ZaXeVug=
  dependencies:
    imurmurhash "^0.1.4"
    is-typedarray "^1.0.0"
    signal-exit "^3.0.2"
    typedarray-to-buffer "^3.1.5"

xdg-basedir@^4.0.0:
  version "4.0.0"
  resolved "https://registry.nlark.com/xdg-basedir/download/xdg-basedir-4.0.0.tgz#4bc8d9984403696225ef83a1573cbbcb4e79db13"
  integrity sha1-S8jZmEQDaWIl74OhVzy7y0552xM=

yallist@^4.0.0:
  version "4.0.0"
  resolved "https://registry.nlark.com/yallist/download/yallist-4.0.0.tgz#9bb92790d9c0effec63be73519e11a35019a3a72"
  integrity sha1-m7knkNnA7/7GO+c1GeEaNQGaOnI=
